// !$*UTF8*$!
{
	archiveVersion = 1;
	classes = {
	};
	objectVersion = 46;
	objects = {

/* Begin PBXBuildFile section */
		B63F528718EB63A80024CE2D /* Cocoa.framework in Frameworks */ = {isa = PBXBuildFile; fileRef = B63F528618EB63A80024CE2D /* Cocoa.framework */; };
		B63F529118EB63A80024CE2D /* InfoPlist.strings in Resources */ = {isa = PBXBuildFile; fileRef = B63F528F18EB63A80024CE2D /* InfoPlist.strings */; };
		B63F529718EB63A80024CE2D /* Credits.rtf in Resources */ = {isa = PBXBuildFile; fileRef = B63F529518EB63A80024CE2D /* Credits.rtf */; };
		B63F529D18EB63A80024CE2D /* MainMenu.xib in Resources */ = {isa = PBXBuildFile; fileRef = B63F529B18EB63A80024CE2D /* MainMenu.xib */; };
		B63F529F18EB63A80024CE2D /* Images.xcassets in Resources */ = {isa = PBXBuildFile; fileRef = B63F529E18EB63A80024CE2D /* Images.xcassets */; };
		B63F52A618EB63A80024CE2D /* XCTest.framework in Frameworks */ = {isa = PBXBuildFile; fileRef = B63F52A518EB63A80024CE2D /* XCTest.framework */; };
		B63F52A718EB63A80024CE2D /* Cocoa.framework in Frameworks */ = {isa = PBXBuildFile; fileRef = B63F528618EB63A80024CE2D /* Cocoa.framework */; };
		B63F52AF18EB63A80024CE2D /* InfoPlist.strings in Resources */ = {isa = PBXBuildFile; fileRef = B63F52AD18EB63A80024CE2D /* InfoPlist.strings */; };
		B63F52B118EB63A80024CE2D /* keepasshttp_objcTests.m in Sources */ = {isa = PBXBuildFile; fileRef = B63F52B018EB63A80024CE2D /* keepasshttp_objcTests.m */; };
		B6F12CDE18EDDAE100BC50EB /* CJSONDeserializer.m in Sources */ = {isa = PBXBuildFile; fileRef = B6F12CD818EDDAE100BC50EB /* CJSONDeserializer.m */; };
		B6F12CDF18EDDAE100BC50EB /* CJSONSerializer.m in Sources */ = {isa = PBXBuildFile; fileRef = B6F12CDA18EDDAE100BC50EB /* CJSONSerializer.m */; };
		B6F12CE018EDDAE100BC50EB /* NSDictionary_JSONExtensions.m in Sources */ = {isa = PBXBuildFile; fileRef = B6F12CDD18EDDAE100BC50EB /* NSDictionary_JSONExtensions.m */; };
		B6FD31C118ECA93800214787 /* DDData.m in Sources */ = {isa = PBXBuildFile; fileRef = B6FD314B18ECA93800214787 /* DDData.m */; };
		B6FD31C218ECA93800214787 /* DDNumber.m in Sources */ = {isa = PBXBuildFile; fileRef = B6FD314D18ECA93800214787 /* DDNumber.m */; };
		B6FD31C318ECA93800214787 /* DDRange.m in Sources */ = {isa = PBXBuildFile; fileRef = B6FD314F18ECA93800214787 /* DDRange.m */; };
		B6FD31C418ECA93800214787 /* HTTPAuthenticationRequest.m in Sources */ = {isa = PBXBuildFile; fileRef = B6FD315118ECA93800214787 /* HTTPAuthenticationRequest.m */; };
		B6FD31C518ECA93800214787 /* HTTPConnection.m in Sources */ = {isa = PBXBuildFile; fileRef = B6FD315318ECA93800214787 /* HTTPConnection.m */; };
		B6FD31C618ECA93800214787 /* HTTPMessage.m in Sources */ = {isa = PBXBuildFile; fileRef = B6FD315618ECA93800214787 /* HTTPMessage.m */; };
		B6FD31C718ECA93800214787 /* HTTPServer.m in Sources */ = {isa = PBXBuildFile; fileRef = B6FD315918ECA93800214787 /* HTTPServer.m */; };
		B6FD31C818ECA93800214787 /* MultipartFormDataParser.m in Sources */ = {isa = PBXBuildFile; fileRef = B6FD315C18ECA93800214787 /* MultipartFormDataParser.m */; };
		B6FD31C918ECA93800214787 /* MultipartMessageHeader.m in Sources */ = {isa = PBXBuildFile; fileRef = B6FD315E18ECA93800214787 /* MultipartMessageHeader.m */; };
		B6FD31CA18ECA93800214787 /* MultipartMessageHeaderField.m in Sources */ = {isa = PBXBuildFile; fileRef = B6FD316018ECA93800214787 /* MultipartMessageHeaderField.m */; };
		B6FD31CB18ECA93800214787 /* HTTPAsyncFileResponse.m in Sources */ = {isa = PBXBuildFile; fileRef = B6FD316318ECA93800214787 /* HTTPAsyncFileResponse.m */; };
		B6FD31CC18ECA93800214787 /* HTTPDataResponse.m in Sources */ = {isa = PBXBuildFile; fileRef = B6FD316518ECA93800214787 /* HTTPDataResponse.m */; };
		B6FD31CD18ECA93800214787 /* HTTPDynamicFileResponse.m in Sources */ = {isa = PBXBuildFile; fileRef = B6FD316718ECA93800214787 /* HTTPDynamicFileResponse.m */; };
		B6FD31CE18ECA93800214787 /* HTTPErrorResponse.m in Sources */ = {isa = PBXBuildFile; fileRef = B6FD316918ECA93800214787 /* HTTPErrorResponse.m */; };
		B6FD31CF18ECA93800214787 /* HTTPFileResponse.m in Sources */ = {isa = PBXBuildFile; fileRef = B6FD316B18ECA93800214787 /* HTTPFileResponse.m */; };
		B6FD31D018ECA93800214787 /* HTTPRedirectResponse.m in Sources */ = {isa = PBXBuildFile; fileRef = B6FD316D18ECA93800214787 /* HTTPRedirectResponse.m */; };
		B6FD31D218ECA93800214787 /* GCDAsyncSocket.m in Sources */ = {isa = PBXBuildFile; fileRef = B6FD317218ECA93800214787 /* GCDAsyncSocket.m */; };
		B6FD31D418ECA93800214787 /* DDAbstractDatabaseLogger.m in Sources */ = {isa = PBXBuildFile; fileRef = B6FD317618ECA93800214787 /* DDAbstractDatabaseLogger.m */; };
		B6FD31D518ECA93800214787 /* DDASLLogger.m in Sources */ = {isa = PBXBuildFile; fileRef = B6FD317818ECA93800214787 /* DDASLLogger.m */; };
		B6FD31D618ECA93800214787 /* DDFileLogger.m in Sources */ = {isa = PBXBuildFile; fileRef = B6FD317A18ECA93800214787 /* DDFileLogger.m */; };
		B6FD31D718ECA93800214787 /* DDLog.m in Sources */ = {isa = PBXBuildFile; fileRef = B6FD317C18ECA93800214787 /* DDLog.m */; };
		B6FD31D818ECA93800214787 /* DDTTYLogger.m in Sources */ = {isa = PBXBuildFile; fileRef = B6FD317E18ECA93800214787 /* DDTTYLogger.m */; };
		B6FD31D918ECA93800214787 /* ContextFilterLogFormatter.m in Sources */ = {isa = PBXBuildFile; fileRef = B6FD318118ECA93800214787 /* ContextFilterLogFormatter.m */; };
		B6FD31DA18ECA93800214787 /* DispatchQueueLogFormatter.m in Sources */ = {isa = PBXBuildFile; fileRef = B6FD318318ECA93800214787 /* DispatchQueueLogFormatter.m */; };
		B6FD31DC18ECA93800214787 /* WebSocket.m in Sources */ = {isa = PBXBuildFile; fileRef = B6FD318618ECA93800214787 /* WebSocket.m */; };
		B6FD31DD18ECA93800214787 /* RNCryptor.m in Sources */ = {isa = PBXBuildFile; fileRef = B6FD318B18ECA93800214787 /* RNCryptor.m */; };
		B6FD31DE18ECA93800214787 /* RNCryptorEngine.m in Sources */ = {isa = PBXBuildFile; fileRef = B6FD318D18ECA93800214787 /* RNCryptorEngine.m */; };
		B6FD31DF18ECA93800214787 /* RNDecryptor.m in Sources */ = {isa = PBXBuildFile; fileRef = B6FD318F18ECA93800214787 /* RNDecryptor.m */; };
		B6FD31E018ECA93800214787 /* RNEncryptor.m in Sources */ = {isa = PBXBuildFile; fileRef = B6FD319118ECA93800214787 /* RNEncryptor.m */; };
		B6FD31E118ECA93800214787 /* RNOpenSSLCryptor.m in Sources */ = {isa = PBXBuildFile; fileRef = B6FD319318ECA93800214787 /* RNOpenSSLCryptor.m */; };
		B6FD31E218ECA93800214787 /* RNOpenSSLDecryptor.m in Sources */ = {isa = PBXBuildFile; fileRef = B6FD319518ECA93800214787 /* RNOpenSSLDecryptor.m */; };
		B6FD31E318ECA93800214787 /* RNOpenSSLEncryptor.m in Sources */ = {isa = PBXBuildFile; fileRef = B6FD319718ECA93800214787 /* RNOpenSSLEncryptor.m */; };
		B6FD31E418ECA93800214787 /* KPHAssociationHandler.m in Sources */ = {isa = PBXBuildFile; fileRef = B6FD319C18ECA93800214787 /* KPHAssociationHandler.m */; };
		B6FD31E518ECA93800214787 /* KPHHttpConnection.m in Sources */ = {isa = PBXBuildFile; fileRef = B6FD319E18ECA93800214787 /* KPHHttpConnection.m */; };
		B6FD31E618ECA93800214787 /* KPHProtocol.m in Sources */ = {isa = PBXBuildFile; fileRef = B6FD31A018ECA93800214787 /* KPHProtocol.m */; };
		B6FD31E718ECA93800214787 /* KPHUtil.m in Sources */ = {isa = PBXBuildFile; fileRef = B6FD31A218ECA93800214787 /* KPHUtil.m */; };
		B6FD31E818ECA93800214787 /* MacPass.m in Sources */ = {isa = PBXBuildFile; fileRef = B6FD31A618ECA93800214787 /* MacPass.m */; };
		B6FD31E918ECA93800214787 /* Aes.m in Sources */ = {isa = PBXBuildFile; fileRef = B6FD31AA18ECA93800214787 /* Aes.m */; };
		B6FD31EA18ECA93800214787 /* AssemblyInfo.m in Sources */ = {isa = PBXBuildFile; fileRef = B6FD31AC18ECA93800214787 /* AssemblyInfo.m */; };
		B6FD31EB18ECA93800214787 /* SystemConvert.m in Sources */ = {isa = PBXBuildFile; fileRef = B6FD31AE18ECA93800214787 /* SystemConvert.m */; };
		B6FD31EC18ECA93800214787 /* PwDefs.m in Sources */ = {isa = PBXBuildFile; fileRef = B6FD31B118ECA93800214787 /* PwDefs.m */; };
		B6FD31ED18ECA93800214787 /* PwEntry.m in Sources */ = {isa = PBXBuildFile; fileRef = B6FD31B318ECA93800214787 /* PwEntry.m */; };
		B6FD31EE18ECA93800214787 /* PwUuid.m in Sources */ = {isa = PBXBuildFile; fileRef = B6FD31B518ECA93800214787 /* PwUuid.m */; };
		B6FD31EF18ECA93800214787 /* KeePassHttpEntryConfig.m in Sources */ = {isa = PBXBuildFile; fileRef = B6FD31B818ECA93800214787 /* KeePassHttpEntryConfig.m */; };
		B6FD31F018ECA93800214787 /* Request.m in Sources */ = {isa = PBXBuildFile; fileRef = B6FD31BA18ECA93800214787 /* Request.m */; };
		B6FD31F118ECA93800214787 /* Response.m in Sources */ = {isa = PBXBuildFile; fileRef = B6FD31BC18ECA93800214787 /* Response.m */; };
		B6FD31F218ECA93800214787 /* ResponseEntry.m in Sources */ = {isa = PBXBuildFile; fileRef = B6FD31BE18ECA93800214787 /* ResponseEntry.m */; };
		B6FD31F318ECA93800214787 /* ResponseStringField.m in Sources */ = {isa = PBXBuildFile; fileRef = B6FD31C018ECA93800214787 /* ResponseStringField.m */; };
		B6FD31F418ECA98000214787 /* KPHAppDelegate.m in Sources */ = {isa = PBXBuildFile; fileRef = B63F529918EB63A80024CE2D /* KPHAppDelegate.m */; };
		B6FD31F518ECA99200214787 /* main.m in Sources */ = {isa = PBXBuildFile; fileRef = B63F529218EB63A80024CE2D /* main.m */; };
/* End PBXBuildFile section */

/* Begin PBXContainerItemProxy section */
		B63F52A818EB63A80024CE2D /* PBXContainerItemProxy */ = {
			isa = PBXContainerItemProxy;
			containerPortal = B63F527B18EB63A80024CE2D /* Project object */;
			proxyType = 1;
			remoteGlobalIDString = B63F528218EB63A80024CE2D;
			remoteInfo = "keepasshttp-objc";
		};
/* End PBXContainerItemProxy section */

/* Begin PBXFileReference section */
		B63F528318EB63A80024CE2D /* keepasshttp-objc.app */ = {isa = PBXFileReference; explicitFileType = wrapper.application; includeInIndex = 0; path = "keepasshttp-objc.app"; sourceTree = BUILT_PRODUCTS_DIR; };
		B63F528618EB63A80024CE2D /* Cocoa.framework */ = {isa = PBXFileReference; lastKnownFileType = wrapper.framework; name = Cocoa.framework; path = System/Library/Frameworks/Cocoa.framework; sourceTree = SDKROOT; };
		B63F528918EB63A80024CE2D /* AppKit.framework */ = {isa = PBXFileReference; lastKnownFileType = wrapper.framework; name = AppKit.framework; path = System/Library/Frameworks/AppKit.framework; sourceTree = SDKROOT; };
		B63F528A18EB63A80024CE2D /* CoreData.framework */ = {isa = PBXFileReference; lastKnownFileType = wrapper.framework; name = CoreData.framework; path = System/Library/Frameworks/CoreData.framework; sourceTree = SDKROOT; };
		B63F528B18EB63A80024CE2D /* Foundation.framework */ = {isa = PBXFileReference; lastKnownFileType = wrapper.framework; name = Foundation.framework; path = System/Library/Frameworks/Foundation.framework; sourceTree = SDKROOT; };
		B63F528E18EB63A80024CE2D /* keepasshttp-objc-Info.plist */ = {isa = PBXFileReference; lastKnownFileType = text.plist.xml; path = "keepasshttp-objc-Info.plist"; sourceTree = "<group>"; };
		B63F529018EB63A80024CE2D /* en */ = {isa = PBXFileReference; lastKnownFileType = text.plist.strings; name = en; path = en.lproj/InfoPlist.strings; sourceTree = "<group>"; };
		B63F529218EB63A80024CE2D /* main.m */ = {isa = PBXFileReference; lastKnownFileType = sourcecode.c.objc; path = main.m; sourceTree = "<group>"; };
		B63F529418EB63A80024CE2D /* keepasshttp-objc-Prefix.pch */ = {isa = PBXFileReference; lastKnownFileType = sourcecode.c.h; path = "keepasshttp-objc-Prefix.pch"; sourceTree = "<group>"; };
		B63F529618EB63A80024CE2D /* en */ = {isa = PBXFileReference; lastKnownFileType = text.rtf; name = en; path = en.lproj/Credits.rtf; sourceTree = "<group>"; };
		B63F529818EB63A80024CE2D /* KPHAppDelegate.h */ = {isa = PBXFileReference; lastKnownFileType = sourcecode.c.h; path = KPHAppDelegate.h; sourceTree = "<group>"; };
		B63F529918EB63A80024CE2D /* KPHAppDelegate.m */ = {isa = PBXFileReference; lastKnownFileType = sourcecode.c.objc; path = KPHAppDelegate.m; sourceTree = "<group>"; };
		B63F529C18EB63A80024CE2D /* Base */ = {isa = PBXFileReference; lastKnownFileType = file.xib; name = Base; path = Base.lproj/MainMenu.xib; sourceTree = "<group>"; };
		B63F529E18EB63A80024CE2D /* Images.xcassets */ = {isa = PBXFileReference; lastKnownFileType = folder.assetcatalog; path = Images.xcassets; sourceTree = "<group>"; };
		B63F52A418EB63A80024CE2D /* keepasshttp-objcTests.xctest */ = {isa = PBXFileReference; explicitFileType = wrapper.cfbundle; includeInIndex = 0; path = "keepasshttp-objcTests.xctest"; sourceTree = BUILT_PRODUCTS_DIR; };
		B63F52A518EB63A80024CE2D /* XCTest.framework */ = {isa = PBXFileReference; lastKnownFileType = wrapper.framework; name = XCTest.framework; path = Library/Frameworks/XCTest.framework; sourceTree = DEVELOPER_DIR; };
		B63F52AC18EB63A80024CE2D /* keepasshttp-objcTests-Info.plist */ = {isa = PBXFileReference; lastKnownFileType = text.plist.xml; path = "keepasshttp-objcTests-Info.plist"; sourceTree = "<group>"; };
		B63F52AE18EB63A80024CE2D /* en */ = {isa = PBXFileReference; lastKnownFileType = text.plist.strings; name = en; path = en.lproj/InfoPlist.strings; sourceTree = "<group>"; };
		B63F52B018EB63A80024CE2D /* keepasshttp_objcTests.m */ = {isa = PBXFileReference; lastKnownFileType = sourcecode.c.objc; path = keepasshttp_objcTests.m; sourceTree = "<group>"; };
		B6F12CD718EDDAE100BC50EB /* CJSONDeserializer.h */ = {isa = PBXFileReference; fileEncoding = 4; lastKnownFileType = sourcecode.c.h; path = CJSONDeserializer.h; sourceTree = "<group>"; };
		B6F12CD818EDDAE100BC50EB /* CJSONDeserializer.m */ = {isa = PBXFileReference; fileEncoding = 4; lastKnownFileType = sourcecode.c.objc; path = CJSONDeserializer.m; sourceTree = "<group>"; };
		B6F12CD918EDDAE100BC50EB /* CJSONSerializer.h */ = {isa = PBXFileReference; fileEncoding = 4; lastKnownFileType = sourcecode.c.h; path = CJSONSerializer.h; sourceTree = "<group>"; };
		B6F12CDA18EDDAE100BC50EB /* CJSONSerializer.m */ = {isa = PBXFileReference; fileEncoding = 4; lastKnownFileType = sourcecode.c.objc; path = CJSONSerializer.m; sourceTree = "<group>"; };
		B6F12CDB18EDDAE100BC50EB /* JSONRepresentation.h */ = {isa = PBXFileReference; fileEncoding = 4; lastKnownFileType = sourcecode.c.h; path = JSONRepresentation.h; sourceTree = "<group>"; };
		B6F12CDC18EDDAE100BC50EB /* NSDictionary_JSONExtensions.h */ = {isa = PBXFileReference; fileEncoding = 4; lastKnownFileType = sourcecode.c.h; path = NSDictionary_JSONExtensions.h; sourceTree = "<group>"; };
		B6F12CDD18EDDAE100BC50EB /* NSDictionary_JSONExtensions.m */ = {isa = PBXFileReference; fileEncoding = 4; lastKnownFileType = sourcecode.c.objc; path = NSDictionary_JSONExtensions.m; sourceTree = "<group>"; };
		B6F12CE118EDDF7C00BC50EB /* KPHRequestHandler.h */ = {isa = PBXFileReference; fileEncoding = 4; lastKnownFileType = sourcecode.c.h; path = KPHRequestHandler.h; sourceTree = "<group>"; };
		B6FD314A18ECA93800214787 /* DDData.h */ = {isa = PBXFileReference; fileEncoding = 4; lastKnownFileType = sourcecode.c.h; path = DDData.h; sourceTree = "<group>"; };
		B6FD314B18ECA93800214787 /* DDData.m */ = {isa = PBXFileReference; fileEncoding = 4; lastKnownFileType = sourcecode.c.objc; path = DDData.m; sourceTree = "<group>"; };
		B6FD314C18ECA93800214787 /* DDNumber.h */ = {isa = PBXFileReference; fileEncoding = 4; lastKnownFileType = sourcecode.c.h; path = DDNumber.h; sourceTree = "<group>"; };
		B6FD314D18ECA93800214787 /* DDNumber.m */ = {isa = PBXFileReference; fileEncoding = 4; lastKnownFileType = sourcecode.c.objc; path = DDNumber.m; sourceTree = "<group>"; };
		B6FD314E18ECA93800214787 /* DDRange.h */ = {isa = PBXFileReference; fileEncoding = 4; lastKnownFileType = sourcecode.c.h; path = DDRange.h; sourceTree = "<group>"; };
		B6FD314F18ECA93800214787 /* DDRange.m */ = {isa = PBXFileReference; fileEncoding = 4; lastKnownFileType = sourcecode.c.objc; path = DDRange.m; sourceTree = "<group>"; };
		B6FD315018ECA93800214787 /* HTTPAuthenticationRequest.h */ = {isa = PBXFileReference; fileEncoding = 4; lastKnownFileType = sourcecode.c.h; path = HTTPAuthenticationRequest.h; sourceTree = "<group>"; };
		B6FD315118ECA93800214787 /* HTTPAuthenticationRequest.m */ = {isa = PBXFileReference; fileEncoding = 4; lastKnownFileType = sourcecode.c.objc; path = HTTPAuthenticationRequest.m; sourceTree = "<group>"; };
		B6FD315218ECA93800214787 /* HTTPConnection.h */ = {isa = PBXFileReference; fileEncoding = 4; lastKnownFileType = sourcecode.c.h; path = HTTPConnection.h; sourceTree = "<group>"; };
		B6FD315318ECA93800214787 /* HTTPConnection.m */ = {isa = PBXFileReference; fileEncoding = 4; lastKnownFileType = sourcecode.c.objc; path = HTTPConnection.m; sourceTree = "<group>"; };
		B6FD315418ECA93800214787 /* HTTPLogging.h */ = {isa = PBXFileReference; fileEncoding = 4; lastKnownFileType = sourcecode.c.h; path = HTTPLogging.h; sourceTree = "<group>"; };
		B6FD315518ECA93800214787 /* HTTPMessage.h */ = {isa = PBXFileReference; fileEncoding = 4; lastKnownFileType = sourcecode.c.h; path = HTTPMessage.h; sourceTree = "<group>"; };
		B6FD315618ECA93800214787 /* HTTPMessage.m */ = {isa = PBXFileReference; fileEncoding = 4; lastKnownFileType = sourcecode.c.objc; path = HTTPMessage.m; sourceTree = "<group>"; };
		B6FD315718ECA93800214787 /* HTTPResponse.h */ = {isa = PBXFileReference; fileEncoding = 4; lastKnownFileType = sourcecode.c.h; path = HTTPResponse.h; sourceTree = "<group>"; };
		B6FD315818ECA93800214787 /* HTTPServer.h */ = {isa = PBXFileReference; fileEncoding = 4; lastKnownFileType = sourcecode.c.h; path = HTTPServer.h; sourceTree = "<group>"; };
		B6FD315918ECA93800214787 /* HTTPServer.m */ = {isa = PBXFileReference; fileEncoding = 4; lastKnownFileType = sourcecode.c.objc; path = HTTPServer.m; sourceTree = "<group>"; };
		B6FD315B18ECA93800214787 /* MultipartFormDataParser.h */ = {isa = PBXFileReference; fileEncoding = 4; lastKnownFileType = sourcecode.c.h; path = MultipartFormDataParser.h; sourceTree = "<group>"; };
		B6FD315C18ECA93800214787 /* MultipartFormDataParser.m */ = {isa = PBXFileReference; fileEncoding = 4; lastKnownFileType = sourcecode.c.objc; path = MultipartFormDataParser.m; sourceTree = "<group>"; };
		B6FD315D18ECA93800214787 /* MultipartMessageHeader.h */ = {isa = PBXFileReference; fileEncoding = 4; lastKnownFileType = sourcecode.c.h; path = MultipartMessageHeader.h; sourceTree = "<group>"; };
		B6FD315E18ECA93800214787 /* MultipartMessageHeader.m */ = {isa = PBXFileReference; fileEncoding = 4; lastKnownFileType = sourcecode.c.objc; path = MultipartMessageHeader.m; sourceTree = "<group>"; };
		B6FD315F18ECA93800214787 /* MultipartMessageHeaderField.h */ = {isa = PBXFileReference; fileEncoding = 4; lastKnownFileType = sourcecode.c.h; path = MultipartMessageHeaderField.h; sourceTree = "<group>"; };
		B6FD316018ECA93800214787 /* MultipartMessageHeaderField.m */ = {isa = PBXFileReference; fileEncoding = 4; lastKnownFileType = sourcecode.c.objc; path = MultipartMessageHeaderField.m; sourceTree = "<group>"; };
		B6FD316218ECA93800214787 /* HTTPAsyncFileResponse.h */ = {isa = PBXFileReference; fileEncoding = 4; lastKnownFileType = sourcecode.c.h; path = HTTPAsyncFileResponse.h; sourceTree = "<group>"; };
		B6FD316318ECA93800214787 /* HTTPAsyncFileResponse.m */ = {isa = PBXFileReference; fileEncoding = 4; lastKnownFileType = sourcecode.c.objc; path = HTTPAsyncFileResponse.m; sourceTree = "<group>"; };
		B6FD316418ECA93800214787 /* HTTPDataResponse.h */ = {isa = PBXFileReference; fileEncoding = 4; lastKnownFileType = sourcecode.c.h; path = HTTPDataResponse.h; sourceTree = "<group>"; };
		B6FD316518ECA93800214787 /* HTTPDataResponse.m */ = {isa = PBXFileReference; fileEncoding = 4; lastKnownFileType = sourcecode.c.objc; path = HTTPDataResponse.m; sourceTree = "<group>"; };
		B6FD316618ECA93800214787 /* HTTPDynamicFileResponse.h */ = {isa = PBXFileReference; fileEncoding = 4; lastKnownFileType = sourcecode.c.h; path = HTTPDynamicFileResponse.h; sourceTree = "<group>"; };
		B6FD316718ECA93800214787 /* HTTPDynamicFileResponse.m */ = {isa = PBXFileReference; fileEncoding = 4; lastKnownFileType = sourcecode.c.objc; path = HTTPDynamicFileResponse.m; sourceTree = "<group>"; };
		B6FD316818ECA93800214787 /* HTTPErrorResponse.h */ = {isa = PBXFileReference; fileEncoding = 4; lastKnownFileType = sourcecode.c.h; path = HTTPErrorResponse.h; sourceTree = "<group>"; };
		B6FD316918ECA93800214787 /* HTTPErrorResponse.m */ = {isa = PBXFileReference; fileEncoding = 4; lastKnownFileType = sourcecode.c.objc; path = HTTPErrorResponse.m; sourceTree = "<group>"; };
		B6FD316A18ECA93800214787 /* HTTPFileResponse.h */ = {isa = PBXFileReference; fileEncoding = 4; lastKnownFileType = sourcecode.c.h; path = HTTPFileResponse.h; sourceTree = "<group>"; };
		B6FD316B18ECA93800214787 /* HTTPFileResponse.m */ = {isa = PBXFileReference; fileEncoding = 4; lastKnownFileType = sourcecode.c.objc; path = HTTPFileResponse.m; sourceTree = "<group>"; };
		B6FD316C18ECA93800214787 /* HTTPRedirectResponse.h */ = {isa = PBXFileReference; fileEncoding = 4; lastKnownFileType = sourcecode.c.h; path = HTTPRedirectResponse.h; sourceTree = "<group>"; };
		B6FD316D18ECA93800214787 /* HTTPRedirectResponse.m */ = {isa = PBXFileReference; fileEncoding = 4; lastKnownFileType = sourcecode.c.objc; path = HTTPRedirectResponse.m; sourceTree = "<group>"; };
		B6FD317018ECA93800214787 /* About.txt */ = {isa = PBXFileReference; fileEncoding = 4; lastKnownFileType = text; path = About.txt; sourceTree = "<group>"; };
		B6FD317118ECA93800214787 /* GCDAsyncSocket.h */ = {isa = PBXFileReference; fileEncoding = 4; lastKnownFileType = sourcecode.c.h; path = GCDAsyncSocket.h; sourceTree = "<group>"; };
		B6FD317218ECA93800214787 /* GCDAsyncSocket.m */ = {isa = PBXFileReference; fileEncoding = 4; lastKnownFileType = sourcecode.c.objc; path = GCDAsyncSocket.m; sourceTree = "<group>"; };
		B6FD317418ECA93800214787 /* About.txt */ = {isa = PBXFileReference; fileEncoding = 4; lastKnownFileType = text; path = About.txt; sourceTree = "<group>"; };
		B6FD317518ECA93800214787 /* DDAbstractDatabaseLogger.h */ = {isa = PBXFileReference; fileEncoding = 4; lastKnownFileType = sourcecode.c.h; path = DDAbstractDatabaseLogger.h; sourceTree = "<group>"; };
		B6FD317618ECA93800214787 /* DDAbstractDatabaseLogger.m */ = {isa = PBXFileReference; fileEncoding = 4; lastKnownFileType = sourcecode.c.objc; path = DDAbstractDatabaseLogger.m; sourceTree = "<group>"; };
		B6FD317718ECA93800214787 /* DDASLLogger.h */ = {isa = PBXFileReference; fileEncoding = 4; lastKnownFileType = sourcecode.c.h; path = DDASLLogger.h; sourceTree = "<group>"; };
		B6FD317818ECA93800214787 /* DDASLLogger.m */ = {isa = PBXFileReference; fileEncoding = 4; lastKnownFileType = sourcecode.c.objc; path = DDASLLogger.m; sourceTree = "<group>"; };
		B6FD317918ECA93800214787 /* DDFileLogger.h */ = {isa = PBXFileReference; fileEncoding = 4; lastKnownFileType = sourcecode.c.h; path = DDFileLogger.h; sourceTree = "<group>"; };
		B6FD317A18ECA93800214787 /* DDFileLogger.m */ = {isa = PBXFileReference; fileEncoding = 4; lastKnownFileType = sourcecode.c.objc; path = DDFileLogger.m; sourceTree = "<group>"; };
		B6FD317B18ECA93800214787 /* DDLog.h */ = {isa = PBXFileReference; fileEncoding = 4; lastKnownFileType = sourcecode.c.h; path = DDLog.h; sourceTree = "<group>"; };
		B6FD317C18ECA93800214787 /* DDLog.m */ = {isa = PBXFileReference; fileEncoding = 4; lastKnownFileType = sourcecode.c.objc; path = DDLog.m; sourceTree = "<group>"; };
		B6FD317D18ECA93800214787 /* DDTTYLogger.h */ = {isa = PBXFileReference; fileEncoding = 4; lastKnownFileType = sourcecode.c.h; path = DDTTYLogger.h; sourceTree = "<group>"; };
		B6FD317E18ECA93800214787 /* DDTTYLogger.m */ = {isa = PBXFileReference; fileEncoding = 4; lastKnownFileType = sourcecode.c.objc; path = DDTTYLogger.m; sourceTree = "<group>"; };
		B6FD318018ECA93800214787 /* ContextFilterLogFormatter.h */ = {isa = PBXFileReference; fileEncoding = 4; lastKnownFileType = sourcecode.c.h; path = ContextFilterLogFormatter.h; sourceTree = "<group>"; };
		B6FD318118ECA93800214787 /* ContextFilterLogFormatter.m */ = {isa = PBXFileReference; fileEncoding = 4; lastKnownFileType = sourcecode.c.objc; path = ContextFilterLogFormatter.m; sourceTree = "<group>"; };
		B6FD318218ECA93800214787 /* DispatchQueueLogFormatter.h */ = {isa = PBXFileReference; fileEncoding = 4; lastKnownFileType = sourcecode.c.h; path = DispatchQueueLogFormatter.h; sourceTree = "<group>"; };
		B6FD318318ECA93800214787 /* DispatchQueueLogFormatter.m */ = {isa = PBXFileReference; fileEncoding = 4; lastKnownFileType = sourcecode.c.objc; path = DispatchQueueLogFormatter.m; sourceTree = "<group>"; };
		B6FD318418ECA93800214787 /* README.txt */ = {isa = PBXFileReference; fileEncoding = 4; lastKnownFileType = text; path = README.txt; sourceTree = "<group>"; };
		B6FD318518ECA93800214787 /* WebSocket.h */ = {isa = PBXFileReference; fileEncoding = 4; lastKnownFileType = sourcecode.c.h; path = WebSocket.h; sourceTree = "<group>"; };
		B6FD318618ECA93800214787 /* WebSocket.m */ = {isa = PBXFileReference; fileEncoding = 4; lastKnownFileType = sourcecode.c.objc; path = WebSocket.m; sourceTree = "<group>"; };
		B6FD318818ECA93800214787 /* RNCryptor+Private.h */ = {isa = PBXFileReference; fileEncoding = 4; lastKnownFileType = sourcecode.c.h; path = "RNCryptor+Private.h"; sourceTree = "<group>"; };
		B6FD318918ECA93800214787 /* RNCryptor-Prefix.pch */ = {isa = PBXFileReference; fileEncoding = 4; lastKnownFileType = sourcecode.c.h; path = "RNCryptor-Prefix.pch"; sourceTree = "<group>"; };
		B6FD318A18ECA93800214787 /* RNCryptor.h */ = {isa = PBXFileReference; fileEncoding = 4; lastKnownFileType = sourcecode.c.h; path = RNCryptor.h; sourceTree = "<group>"; };
		B6FD318B18ECA93800214787 /* RNCryptor.m */ = {isa = PBXFileReference; fileEncoding = 4; lastKnownFileType = sourcecode.c.objc; path = RNCryptor.m; sourceTree = "<group>"; };
		B6FD318C18ECA93800214787 /* RNCryptorEngine.h */ = {isa = PBXFileReference; fileEncoding = 4; lastKnownFileType = sourcecode.c.h; path = RNCryptorEngine.h; sourceTree = "<group>"; };
		B6FD318D18ECA93800214787 /* RNCryptorEngine.m */ = {isa = PBXFileReference; fileEncoding = 4; lastKnownFileType = sourcecode.c.objc; path = RNCryptorEngine.m; sourceTree = "<group>"; };
		B6FD318E18ECA93800214787 /* RNDecryptor.h */ = {isa = PBXFileReference; fileEncoding = 4; lastKnownFileType = sourcecode.c.h; path = RNDecryptor.h; sourceTree = "<group>"; };
		B6FD318F18ECA93800214787 /* RNDecryptor.m */ = {isa = PBXFileReference; fileEncoding = 4; lastKnownFileType = sourcecode.c.objc; path = RNDecryptor.m; sourceTree = "<group>"; };
		B6FD319018ECA93800214787 /* RNEncryptor.h */ = {isa = PBXFileReference; fileEncoding = 4; lastKnownFileType = sourcecode.c.h; path = RNEncryptor.h; sourceTree = "<group>"; };
		B6FD319118ECA93800214787 /* RNEncryptor.m */ = {isa = PBXFileReference; fileEncoding = 4; lastKnownFileType = sourcecode.c.objc; path = RNEncryptor.m; sourceTree = "<group>"; };
		B6FD319218ECA93800214787 /* RNOpenSSLCryptor.h */ = {isa = PBXFileReference; fileEncoding = 4; lastKnownFileType = sourcecode.c.h; path = RNOpenSSLCryptor.h; sourceTree = "<group>"; };
		B6FD319318ECA93800214787 /* RNOpenSSLCryptor.m */ = {isa = PBXFileReference; fileEncoding = 4; lastKnownFileType = sourcecode.c.objc; path = RNOpenSSLCryptor.m; sourceTree = "<group>"; };
		B6FD319418ECA93800214787 /* RNOpenSSLDecryptor.h */ = {isa = PBXFileReference; fileEncoding = 4; lastKnownFileType = sourcecode.c.h; path = RNOpenSSLDecryptor.h; sourceTree = "<group>"; };
		B6FD319518ECA93800214787 /* RNOpenSSLDecryptor.m */ = {isa = PBXFileReference; fileEncoding = 4; lastKnownFileType = sourcecode.c.objc; path = RNOpenSSLDecryptor.m; sourceTree = "<group>"; };
		B6FD319618ECA93800214787 /* RNOpenSSLEncryptor.h */ = {isa = PBXFileReference; fileEncoding = 4; lastKnownFileType = sourcecode.c.h; path = RNOpenSSLEncryptor.h; sourceTree = "<group>"; };
		B6FD319718ECA93800214787 /* RNOpenSSLEncryptor.m */ = {isa = PBXFileReference; fileEncoding = 4; lastKnownFileType = sourcecode.c.objc; path = RNOpenSSLEncryptor.m; sourceTree = "<group>"; };
		B6FD319B18ECA93800214787 /* KPHAssociationHandler.h */ = {isa = PBXFileReference; fileEncoding = 4; lastKnownFileType = sourcecode.c.h; path = KPHAssociationHandler.h; sourceTree = "<group>"; };
		B6FD319C18ECA93800214787 /* KPHAssociationHandler.m */ = {isa = PBXFileReference; fileEncoding = 4; lastKnownFileType = sourcecode.c.objc; path = KPHAssociationHandler.m; sourceTree = "<group>"; };
		B6FD319D18ECA93800214787 /* KPHHttpConnection.h */ = {isa = PBXFileReference; fileEncoding = 4; lastKnownFileType = sourcecode.c.h; path = KPHHttpConnection.h; sourceTree = "<group>"; };
		B6FD319E18ECA93800214787 /* KPHHttpConnection.m */ = {isa = PBXFileReference; fileEncoding = 4; lastKnownFileType = sourcecode.c.objc; path = KPHHttpConnection.m; sourceTree = "<group>"; };
		B6FD319F18ECA93800214787 /* KPHProtocol.h */ = {isa = PBXFileReference; fileEncoding = 4; lastKnownFileType = sourcecode.c.h; path = KPHProtocol.h; sourceTree = "<group>"; };
		B6FD31A018ECA93800214787 /* KPHProtocol.m */ = {isa = PBXFileReference; fileEncoding = 4; lastKnownFileType = sourcecode.c.objc; path = KPHProtocol.m; sourceTree = "<group>"; };
		B6FD31A118ECA93800214787 /* KPHUtil.h */ = {isa = PBXFileReference; fileEncoding = 4; lastKnownFileType = sourcecode.c.h; path = KPHUtil.h; sourceTree = "<group>"; };
		B6FD31A218ECA93800214787 /* KPHUtil.m */ = {isa = PBXFileReference; fileEncoding = 4; lastKnownFileType = sourcecode.c.objc; path = KPHUtil.m; sourceTree = "<group>"; };
		B6FD31A518ECA93800214787 /* MacPass.h */ = {isa = PBXFileReference; fileEncoding = 4; lastKnownFileType = sourcecode.c.h; path = MacPass.h; sourceTree = "<group>"; };
		B6FD31A618ECA93800214787 /* MacPass.m */ = {isa = PBXFileReference; fileEncoding = 4; lastKnownFileType = sourcecode.c.objc; path = MacPass.m; sourceTree = "<group>"; };
		B6FD31A918ECA93800214787 /* Aes.h */ = {isa = PBXFileReference; fileEncoding = 4; lastKnownFileType = sourcecode.c.h; path = Aes.h; sourceTree = "<group>"; };
		B6FD31AA18ECA93800214787 /* Aes.m */ = {isa = PBXFileReference; fileEncoding = 4; lastKnownFileType = sourcecode.c.objc; path = Aes.m; sourceTree = "<group>"; };
		B6FD31AB18ECA93800214787 /* AssemblyInfo.h */ = {isa = PBXFileReference; fileEncoding = 4; lastKnownFileType = sourcecode.c.h; path = AssemblyInfo.h; sourceTree = "<group>"; };
		B6FD31AC18ECA93800214787 /* AssemblyInfo.m */ = {isa = PBXFileReference; fileEncoding = 4; lastKnownFileType = sourcecode.c.objc; path = AssemblyInfo.m; sourceTree = "<group>"; };
		B6FD31AD18ECA93800214787 /* SystemConvert.h */ = {isa = PBXFileReference; fileEncoding = 4; lastKnownFileType = sourcecode.c.h; path = SystemConvert.h; sourceTree = "<group>"; };
		B6FD31AE18ECA93800214787 /* SystemConvert.m */ = {isa = PBXFileReference; fileEncoding = 4; lastKnownFileType = sourcecode.c.objc; path = SystemConvert.m; sourceTree = "<group>"; };
		B6FD31B018ECA93800214787 /* PwDefs.h */ = {isa = PBXFileReference; fileEncoding = 4; lastKnownFileType = sourcecode.c.h; path = PwDefs.h; sourceTree = "<group>"; };
		B6FD31B118ECA93800214787 /* PwDefs.m */ = {isa = PBXFileReference; fileEncoding = 4; lastKnownFileType = sourcecode.c.objc; path = PwDefs.m; sourceTree = "<group>"; };
		B6FD31B218ECA93800214787 /* PwEntry.h */ = {isa = PBXFileReference; fileEncoding = 4; lastKnownFileType = sourcecode.c.h; path = PwEntry.h; sourceTree = "<group>"; };
		B6FD31B318ECA93800214787 /* PwEntry.m */ = {isa = PBXFileReference; fileEncoding = 4; lastKnownFileType = sourcecode.c.objc; path = PwEntry.m; sourceTree = "<group>"; };
		B6FD31B418ECA93800214787 /* PwUuid.h */ = {isa = PBXFileReference; fileEncoding = 4; lastKnownFileType = sourcecode.c.h; path = PwUuid.h; sourceTree = "<group>"; };
		B6FD31B518ECA93800214787 /* PwUuid.m */ = {isa = PBXFileReference; fileEncoding = 4; lastKnownFileType = sourcecode.c.objc; path = PwUuid.m; sourceTree = "<group>"; };
		B6FD31B718ECA93800214787 /* KeePassHttpEntryConfig.h */ = {isa = PBXFileReference; fileEncoding = 4; lastKnownFileType = sourcecode.c.h; path = KeePassHttpEntryConfig.h; sourceTree = "<group>"; };
		B6FD31B818ECA93800214787 /* KeePassHttpEntryConfig.m */ = {isa = PBXFileReference; fileEncoding = 4; lastKnownFileType = sourcecode.c.objc; path = KeePassHttpEntryConfig.m; sourceTree = "<group>"; };
		B6FD31B918ECA93800214787 /* Request.h */ = {isa = PBXFileReference; fileEncoding = 4; lastKnownFileType = sourcecode.c.h; path = Request.h; sourceTree = "<group>"; };
		B6FD31BA18ECA93800214787 /* Request.m */ = {isa = PBXFileReference; fileEncoding = 4; lastKnownFileType = sourcecode.c.objc; path = Request.m; sourceTree = "<group>"; };
		B6FD31BB18ECA93800214787 /* Response.h */ = {isa = PBXFileReference; fileEncoding = 4; lastKnownFileType = sourcecode.c.h; path = Response.h; sourceTree = "<group>"; };
		B6FD31BC18ECA93800214787 /* Response.m */ = {isa = PBXFileReference; fileEncoding = 4; lastKnownFileType = sourcecode.c.objc; path = Response.m; sourceTree = "<group>"; };
		B6FD31BD18ECA93800214787 /* ResponseEntry.h */ = {isa = PBXFileReference; fileEncoding = 4; lastKnownFileType = sourcecode.c.h; path = ResponseEntry.h; sourceTree = "<group>"; };
		B6FD31BE18ECA93800214787 /* ResponseEntry.m */ = {isa = PBXFileReference; fileEncoding = 4; lastKnownFileType = sourcecode.c.objc; path = ResponseEntry.m; sourceTree = "<group>"; };
		B6FD31BF18ECA93800214787 /* ResponseStringField.h */ = {isa = PBXFileReference; fileEncoding = 4; lastKnownFileType = sourcecode.c.h; path = ResponseStringField.h; sourceTree = "<group>"; };
		B6FD31C018ECA93800214787 /* ResponseStringField.m */ = {isa = PBXFileReference; fileEncoding = 4; lastKnownFileType = sourcecode.c.objc; path = ResponseStringField.m; sourceTree = "<group>"; };
/* End PBXFileReference section */

/* Begin PBXFrameworksBuildPhase section */
		B63F528018EB63A80024CE2D /* Frameworks */ = {
			isa = PBXFrameworksBuildPhase;
			buildActionMask = 2147483647;
			files = (
				B63F528718EB63A80024CE2D /* Cocoa.framework in Frameworks */,
			);
			runOnlyForDeploymentPostprocessing = 0;
		};
		B63F52A118EB63A80024CE2D /* Frameworks */ = {
			isa = PBXFrameworksBuildPhase;
			buildActionMask = 2147483647;
			files = (
				B63F52A718EB63A80024CE2D /* Cocoa.framework in Frameworks */,
				B63F52A618EB63A80024CE2D /* XCTest.framework in Frameworks */,
			);
			runOnlyForDeploymentPostprocessing = 0;
		};
/* End PBXFrameworksBuildPhase section */

/* Begin PBXGroup section */
		B63F527A18EB63A80024CE2D = {
			isa = PBXGroup;
			children = (
				B63F528C18EB63A80024CE2D /* keepasshttp-objc */,
				B63F52AA18EB63A80024CE2D /* keepasshttp-objcTests */,
				B63F528518EB63A80024CE2D /* Frameworks */,
				B63F528418EB63A80024CE2D /* Products */,
			);
			sourceTree = "<group>";
		};
		B63F528418EB63A80024CE2D /* Products */ = {
			isa = PBXGroup;
			children = (
				B63F528318EB63A80024CE2D /* keepasshttp-objc.app */,
				B63F52A418EB63A80024CE2D /* keepasshttp-objcTests.xctest */,
			);
			name = Products;
			sourceTree = "<group>";
		};
		B63F528518EB63A80024CE2D /* Frameworks */ = {
			isa = PBXGroup;
			children = (
				B63F528618EB63A80024CE2D /* Cocoa.framework */,
				B63F52A518EB63A80024CE2D /* XCTest.framework */,
				B63F528818EB63A80024CE2D /* Other Frameworks */,
			);
			name = Frameworks;
			sourceTree = "<group>";
		};
		B63F528818EB63A80024CE2D /* Other Frameworks */ = {
			isa = PBXGroup;
			children = (
				B63F528918EB63A80024CE2D /* AppKit.framework */,
				B63F528A18EB63A80024CE2D /* CoreData.framework */,
				B63F528B18EB63A80024CE2D /* Foundation.framework */,
			);
			name = "Other Frameworks";
			sourceTree = "<group>";
		};
		B63F528C18EB63A80024CE2D /* keepasshttp-objc */ = {
			isa = PBXGroup;
			children = (
				B6FD314718ECA93800214787 /* Lib */,
				B6FD319818ECA93800214787 /* Source */,
				B63F529818EB63A80024CE2D /* KPHAppDelegate.h */,
				B63F529918EB63A80024CE2D /* KPHAppDelegate.m */,
				B63F529B18EB63A80024CE2D /* MainMenu.xib */,
				B63F529E18EB63A80024CE2D /* Images.xcassets */,
				B63F528D18EB63A80024CE2D /* Supporting Files */,
			);
			path = "keepasshttp-objc";
			sourceTree = "<group>";
		};
		B63F528D18EB63A80024CE2D /* Supporting Files */ = {
			isa = PBXGroup;
			children = (
				B63F528E18EB63A80024CE2D /* keepasshttp-objc-Info.plist */,
				B63F528F18EB63A80024CE2D /* InfoPlist.strings */,
				B63F529218EB63A80024CE2D /* main.m */,
				B63F529418EB63A80024CE2D /* keepasshttp-objc-Prefix.pch */,
				B63F529518EB63A80024CE2D /* Credits.rtf */,
			);
			name = "Supporting Files";
			sourceTree = "<group>";
		};
		B63F52AA18EB63A80024CE2D /* keepasshttp-objcTests */ = {
			isa = PBXGroup;
			children = (
				B63F52B018EB63A80024CE2D /* keepasshttp_objcTests.m */,
				B63F52AB18EB63A80024CE2D /* Supporting Files */,
			);
			path = "keepasshttp-objcTests";
			sourceTree = "<group>";
		};
		B63F52AB18EB63A80024CE2D /* Supporting Files */ = {
			isa = PBXGroup;
			children = (
				B63F52AC18EB63A80024CE2D /* keepasshttp-objcTests-Info.plist */,
				B63F52AD18EB63A80024CE2D /* InfoPlist.strings */,
			);
			name = "Supporting Files";
			sourceTree = "<group>";
		};
		B6F12CD618EDDAE100BC50EB /* TouchJSON */ = {
			isa = PBXGroup;
			children = (
				B6F12CD718EDDAE100BC50EB /* CJSONDeserializer.h */,
				B6F12CD818EDDAE100BC50EB /* CJSONDeserializer.m */,
				B6F12CD918EDDAE100BC50EB /* CJSONSerializer.h */,
				B6F12CDA18EDDAE100BC50EB /* CJSONSerializer.m */,
				B6F12CDB18EDDAE100BC50EB /* JSONRepresentation.h */,
				B6F12CDC18EDDAE100BC50EB /* NSDictionary_JSONExtensions.h */,
				B6F12CDD18EDDAE100BC50EB /* NSDictionary_JSONExtensions.m */,
			);
			path = TouchJSON;
			sourceTree = "<group>";
		};
		B6FD314718ECA93800214787 /* Lib */ = {
			isa = PBXGroup;
			children = (
				B6F12CD618EDDAE100BC50EB /* TouchJSON */,
				B6FD314818ECA93800214787 /* CocoaHttpServer */,
				B6FD318718ECA93800214787 /* RNCryptor */,
			);
			path = Lib;
			sourceTree = "<group>";
		};
		B6FD314818ECA93800214787 /* CocoaHttpServer */ = {
			isa = PBXGroup;
			children = (
				B6FD314918ECA93800214787 /* Categories */,
				B6FD315018ECA93800214787 /* HTTPAuthenticationRequest.h */,
				B6FD315118ECA93800214787 /* HTTPAuthenticationRequest.m */,
				B6FD315218ECA93800214787 /* HTTPConnection.h */,
				B6FD315318ECA93800214787 /* HTTPConnection.m */,
				B6FD315418ECA93800214787 /* HTTPLogging.h */,
				B6FD315518ECA93800214787 /* HTTPMessage.h */,
				B6FD315618ECA93800214787 /* HTTPMessage.m */,
				B6FD315718ECA93800214787 /* HTTPResponse.h */,
				B6FD315818ECA93800214787 /* HTTPServer.h */,
				B6FD315918ECA93800214787 /* HTTPServer.m */,
				B6FD315A18ECA93800214787 /* Mime */,
				B6FD316118ECA93800214787 /* Responses */,
				B6FD316E18ECA93800214787 /* Vendor */,
				B6FD318518ECA93800214787 /* WebSocket.h */,
				B6FD318618ECA93800214787 /* WebSocket.m */,
			);
			path = CocoaHttpServer;
			sourceTree = "<group>";
		};
		B6FD314918ECA93800214787 /* Categories */ = {
			isa = PBXGroup;
			children = (
				B6FD314A18ECA93800214787 /* DDData.h */,
				B6FD314B18ECA93800214787 /* DDData.m */,
				B6FD314C18ECA93800214787 /* DDNumber.h */,
				B6FD314D18ECA93800214787 /* DDNumber.m */,
				B6FD314E18ECA93800214787 /* DDRange.h */,
				B6FD314F18ECA93800214787 /* DDRange.m */,
			);
			path = Categories;
			sourceTree = "<group>";
		};
		B6FD315A18ECA93800214787 /* Mime */ = {
			isa = PBXGroup;
			children = (
				B6FD315B18ECA93800214787 /* MultipartFormDataParser.h */,
				B6FD315C18ECA93800214787 /* MultipartFormDataParser.m */,
				B6FD315D18ECA93800214787 /* MultipartMessageHeader.h */,
				B6FD315E18ECA93800214787 /* MultipartMessageHeader.m */,
				B6FD315F18ECA93800214787 /* MultipartMessageHeaderField.h */,
				B6FD316018ECA93800214787 /* MultipartMessageHeaderField.m */,
			);
			path = Mime;
			sourceTree = "<group>";
		};
		B6FD316118ECA93800214787 /* Responses */ = {
			isa = PBXGroup;
			children = (
				B6FD316218ECA93800214787 /* HTTPAsyncFileResponse.h */,
				B6FD316318ECA93800214787 /* HTTPAsyncFileResponse.m */,
				B6FD316418ECA93800214787 /* HTTPDataResponse.h */,
				B6FD316518ECA93800214787 /* HTTPDataResponse.m */,
				B6FD316618ECA93800214787 /* HTTPDynamicFileResponse.h */,
				B6FD316718ECA93800214787 /* HTTPDynamicFileResponse.m */,
				B6FD316818ECA93800214787 /* HTTPErrorResponse.h */,
				B6FD316918ECA93800214787 /* HTTPErrorResponse.m */,
				B6FD316A18ECA93800214787 /* HTTPFileResponse.h */,
				B6FD316B18ECA93800214787 /* HTTPFileResponse.m */,
				B6FD316C18ECA93800214787 /* HTTPRedirectResponse.h */,
				B6FD316D18ECA93800214787 /* HTTPRedirectResponse.m */,
			);
			path = Responses;
			sourceTree = "<group>";
		};
		B6FD316E18ECA93800214787 /* Vendor */ = {
			isa = PBXGroup;
			children = (
				B6FD316F18ECA93800214787 /* CocoaAsyncSocket */,
				B6FD317318ECA93800214787 /* CocoaLumberjack */,
			);
			path = Vendor;
			sourceTree = "<group>";
		};
		B6FD316F18ECA93800214787 /* CocoaAsyncSocket */ = {
			isa = PBXGroup;
			children = (
				B6FD317018ECA93800214787 /* About.txt */,
				B6FD317118ECA93800214787 /* GCDAsyncSocket.h */,
				B6FD317218ECA93800214787 /* GCDAsyncSocket.m */,
			);
			path = CocoaAsyncSocket;
			sourceTree = "<group>";
		};
		B6FD317318ECA93800214787 /* CocoaLumberjack */ = {
			isa = PBXGroup;
			children = (
				B6FD317418ECA93800214787 /* About.txt */,
				B6FD317518ECA93800214787 /* DDAbstractDatabaseLogger.h */,
				B6FD317618ECA93800214787 /* DDAbstractDatabaseLogger.m */,
				B6FD317718ECA93800214787 /* DDASLLogger.h */,
				B6FD317818ECA93800214787 /* DDASLLogger.m */,
				B6FD317918ECA93800214787 /* DDFileLogger.h */,
				B6FD317A18ECA93800214787 /* DDFileLogger.m */,
				B6FD317B18ECA93800214787 /* DDLog.h */,
				B6FD317C18ECA93800214787 /* DDLog.m */,
				B6FD317D18ECA93800214787 /* DDTTYLogger.h */,
				B6FD317E18ECA93800214787 /* DDTTYLogger.m */,
				B6FD317F18ECA93800214787 /* Extensions */,
			);
			path = CocoaLumberjack;
			sourceTree = "<group>";
		};
		B6FD317F18ECA93800214787 /* Extensions */ = {
			isa = PBXGroup;
			children = (
				B6FD318018ECA93800214787 /* ContextFilterLogFormatter.h */,
				B6FD318118ECA93800214787 /* ContextFilterLogFormatter.m */,
				B6FD318218ECA93800214787 /* DispatchQueueLogFormatter.h */,
				B6FD318318ECA93800214787 /* DispatchQueueLogFormatter.m */,
				B6FD318418ECA93800214787 /* README.txt */,
			);
			path = Extensions;
			sourceTree = "<group>";
		};
		B6FD318718ECA93800214787 /* RNCryptor */ = {
			isa = PBXGroup;
			children = (
				B6FD318818ECA93800214787 /* RNCryptor+Private.h */,
				B6FD318918ECA93800214787 /* RNCryptor-Prefix.pch */,
				B6FD318A18ECA93800214787 /* RNCryptor.h */,
				B6FD318B18ECA93800214787 /* RNCryptor.m */,
				B6FD318C18ECA93800214787 /* RNCryptorEngine.h */,
				B6FD318D18ECA93800214787 /* RNCryptorEngine.m */,
				B6FD318E18ECA93800214787 /* RNDecryptor.h */,
				B6FD318F18ECA93800214787 /* RNDecryptor.m */,
				B6FD319018ECA93800214787 /* RNEncryptor.h */,
				B6FD319118ECA93800214787 /* RNEncryptor.m */,
				B6FD319218ECA93800214787 /* RNOpenSSLCryptor.h */,
				B6FD319318ECA93800214787 /* RNOpenSSLCryptor.m */,
				B6FD319418ECA93800214787 /* RNOpenSSLDecryptor.h */,
				B6FD319518ECA93800214787 /* RNOpenSSLDecryptor.m */,
				B6FD319618ECA93800214787 /* RNOpenSSLEncryptor.h */,
				B6FD319718ECA93800214787 /* RNOpenSSLEncryptor.m */,
			);
			path = RNCryptor;
			sourceTree = "<group>";
		};
		B6FD319818ECA93800214787 /* Source */ = {
			isa = PBXGroup;
			children = (
				B6FD319918ECA93800214787 /* Core */,
				B6FD31A318ECA93800214787 /* Mocks */,
				B6FD31A718ECA93800214787 /* Reimplementations */,
			);
			path = Source;
			sourceTree = "<group>";
		};
		B6FD319918ECA93800214787 /* Core */ = {
			isa = PBXGroup;
			children = (
				B6FD319A18ECA93800214787 /* Handlers */,
				B6FD319D18ECA93800214787 /* KPHHttpConnection.h */,
				B6FD319E18ECA93800214787 /* KPHHttpConnection.m */,
				B6FD319F18ECA93800214787 /* KPHProtocol.h */,
				B6FD31A018ECA93800214787 /* KPHProtocol.m */,
				B6FD31A118ECA93800214787 /* KPHUtil.h */,
				B6FD31A218ECA93800214787 /* KPHUtil.m */,
			);
			path = Core;
			sourceTree = "<group>";
		};
		B6FD319A18ECA93800214787 /* Handlers */ = {
			isa = PBXGroup;
			children = (
				B6FD319B18ECA93800214787 /* KPHAssociationHandler.h */,
				B6FD319C18ECA93800214787 /* KPHAssociationHandler.m */,
				B6F12CE118EDDF7C00BC50EB /* KPHRequestHandler.h */,
			);
			path = Handlers;
			sourceTree = "<group>";
		};
		B6FD31A318ECA93800214787 /* Mocks */ = {
			isa = PBXGroup;
			children = (
				B6FD31A418ECA93800214787 /* MacPass */,
			);
			path = Mocks;
			sourceTree = "<group>";
		};
		B6FD31A418ECA93800214787 /* MacPass */ = {
			isa = PBXGroup;
			children = (
				B6FD31A518ECA93800214787 /* MacPass.h */,
				B6FD31A618ECA93800214787 /* MacPass.m */,
			);
			path = MacPass;
			sourceTree = "<group>";
		};
		B6FD31A718ECA93800214787 /* Reimplementations */ = {
			isa = PBXGroup;
			children = (
				B6FD31A818ECA93800214787 /* DotNet */,
				B6FD31AF18ECA93800214787 /* KeePass */,
				B6FD31B618ECA93800214787 /* KeePassHttp */,
			);
			path = Reimplementations;
			sourceTree = "<group>";
		};
		B6FD31A818ECA93800214787 /* DotNet */ = {
			isa = PBXGroup;
			children = (
				B6FD31A918ECA93800214787 /* Aes.h */,
				B6FD31AA18ECA93800214787 /* Aes.m */,
				B6FD31AB18ECA93800214787 /* AssemblyInfo.h */,
				B6FD31AC18ECA93800214787 /* AssemblyInfo.m */,
				B6FD31AD18ECA93800214787 /* SystemConvert.h */,
				B6FD31AE18ECA93800214787 /* SystemConvert.m */,
			);
			path = DotNet;
			sourceTree = "<group>";
		};
		B6FD31AF18ECA93800214787 /* KeePass */ = {
			isa = PBXGroup;
			children = (
				B6FD31B018ECA93800214787 /* PwDefs.h */,
				B6FD31B118ECA93800214787 /* PwDefs.m */,
				B6FD31B218ECA93800214787 /* PwEntry.h */,
				B6FD31B318ECA93800214787 /* PwEntry.m */,
				B6FD31B418ECA93800214787 /* PwUuid.h */,
				B6FD31B518ECA93800214787 /* PwUuid.m */,
			);
			path = KeePass;
			sourceTree = "<group>";
		};
		B6FD31B618ECA93800214787 /* KeePassHttp */ = {
			isa = PBXGroup;
			children = (
				B6FD31B718ECA93800214787 /* KeePassHttpEntryConfig.h */,
				B6FD31B818ECA93800214787 /* KeePassHttpEntryConfig.m */,
				B6FD31B918ECA93800214787 /* Request.h */,
				B6FD31BA18ECA93800214787 /* Request.m */,
				B6FD31BB18ECA93800214787 /* Response.h */,
				B6FD31BC18ECA93800214787 /* Response.m */,
				B6FD31BD18ECA93800214787 /* ResponseEntry.h */,
				B6FD31BE18ECA93800214787 /* ResponseEntry.m */,
				B6FD31BF18ECA93800214787 /* ResponseStringField.h */,
				B6FD31C018ECA93800214787 /* ResponseStringField.m */,
			);
			path = KeePassHttp;
			sourceTree = "<group>";
		};
/* End PBXGroup section */

/* Begin PBXNativeTarget section */
		B63F528218EB63A80024CE2D /* keepasshttp-objc */ = {
			isa = PBXNativeTarget;
			buildConfigurationList = B63F52B418EB63A80024CE2D /* Build configuration list for PBXNativeTarget "keepasshttp-objc" */;
			buildPhases = (
				B63F527F18EB63A80024CE2D /* Sources */,
				B63F528018EB63A80024CE2D /* Frameworks */,
				B63F528118EB63A80024CE2D /* Resources */,
			);
			buildRules = (
			);
			dependencies = (
			);
			name = "keepasshttp-objc";
			productName = "keepasshttp-objc";
			productReference = B63F528318EB63A80024CE2D /* keepasshttp-objc.app */;
			productType = "com.apple.product-type.application";
		};
		B63F52A318EB63A80024CE2D /* keepasshttp-objcTests */ = {
			isa = PBXNativeTarget;
			buildConfigurationList = B63F52B718EB63A80024CE2D /* Build configuration list for PBXNativeTarget "keepasshttp-objcTests" */;
			buildPhases = (
				B63F52A018EB63A80024CE2D /* Sources */,
				B63F52A118EB63A80024CE2D /* Frameworks */,
				B63F52A218EB63A80024CE2D /* Resources */,
			);
			buildRules = (
			);
			dependencies = (
				B63F52A918EB63A80024CE2D /* PBXTargetDependency */,
			);
			name = "keepasshttp-objcTests";
			productName = "keepasshttp-objcTests";
			productReference = B63F52A418EB63A80024CE2D /* keepasshttp-objcTests.xctest */;
			productType = "com.apple.product-type.bundle.unit-test";
		};
/* End PBXNativeTarget section */

/* Begin PBXProject section */
		B63F527B18EB63A80024CE2D /* Project object */ = {
			isa = PBXProject;
			attributes = {
				CLASSPREFIX = KPH;
				LastUpgradeCheck = 0510;
				ORGANIZATIONNAME = xbigtk13x;
				TargetAttributes = {
					B63F52A318EB63A80024CE2D = {
						TestTargetID = B63F528218EB63A80024CE2D;
					};
				};
			};
			buildConfigurationList = B63F527E18EB63A80024CE2D /* Build configuration list for PBXProject "keepasshttp-objc" */;
			compatibilityVersion = "Xcode 3.2";
			developmentRegion = English;
			hasScannedForEncodings = 0;
			knownRegions = (
				en,
				Base,
			);
			mainGroup = B63F527A18EB63A80024CE2D;
			productRefGroup = B63F528418EB63A80024CE2D /* Products */;
			projectDirPath = "";
			projectRoot = "";
			targets = (
				B63F528218EB63A80024CE2D /* keepasshttp-objc */,
				B63F52A318EB63A80024CE2D /* keepasshttp-objcTests */,
			);
		};
/* End PBXProject section */

/* Begin PBXResourcesBuildPhase section */
		B63F528118EB63A80024CE2D /* Resources */ = {
			isa = PBXResourcesBuildPhase;
			buildActionMask = 2147483647;
			files = (
				B63F529118EB63A80024CE2D /* InfoPlist.strings in Resources */,
				B63F529F18EB63A80024CE2D /* Images.xcassets in Resources */,
				B63F529718EB63A80024CE2D /* Credits.rtf in Resources */,
				B63F529D18EB63A80024CE2D /* MainMenu.xib in Resources */,
			);
			runOnlyForDeploymentPostprocessing = 0;
		};
		B63F52A218EB63A80024CE2D /* Resources */ = {
			isa = PBXResourcesBuildPhase;
			buildActionMask = 2147483647;
			files = (
				B63F52AF18EB63A80024CE2D /* InfoPlist.strings in Resources */,
			);
			runOnlyForDeploymentPostprocessing = 0;
		};
/* End PBXResourcesBuildPhase section */

/* Begin PBXSourcesBuildPhase section */
		B63F527F18EB63A80024CE2D /* Sources */ = {
			isa = PBXSourcesBuildPhase;
			buildActionMask = 2147483647;
			files = (
				B6F12CDE18EDDAE100BC50EB /* CJSONDeserializer.m in Sources */,
				B6FD31F518ECA99200214787 /* main.m in Sources */,
				B6FD31F418ECA98000214787 /* KPHAppDelegate.m in Sources */,
				B6FD31D718ECA93800214787 /* DDLog.m in Sources */,
				B6FD31F218ECA93800214787 /* ResponseEntry.m in Sources */,
				B6FD31E518ECA93800214787 /* KPHHttpConnection.m in Sources */,
				B6FD31DD18ECA93800214787 /* RNCryptor.m in Sources */,
				B6FD31EC18ECA93800214787 /* PwDefs.m in Sources */,
				B6FD31F118ECA93800214787 /* Response.m in Sources */,
				B6F12CE018EDDAE100BC50EB /* NSDictionary_JSONExtensions.m in Sources */,
				B6FD31DC18ECA93800214787 /* WebSocket.m in Sources */,
				B6FD31DE18ECA93800214787 /* RNCryptorEngine.m in Sources */,
				B6FD31E018ECA93800214787 /* RNEncryptor.m in Sources */,
				B6FD31E218ECA93800214787 /* RNOpenSSLDecryptor.m in Sources */,
				B6FD31F318ECA93800214787 /* ResponseStringField.m in Sources */,
				B6FD31E918ECA93800214787 /* Aes.m in Sources */,
				B6FD31E418ECA93800214787 /* KPHAssociationHandler.m in Sources */,
				B6FD31E818ECA93800214787 /* MacPass.m in Sources */,
				B6FD31DA18ECA93800214787 /* DispatchQueueLogFormatter.m in Sources */,
				B6FD31E718ECA93800214787 /* KPHUtil.m in Sources */,
				B6FD31C318ECA93800214787 /* DDRange.m in Sources */,
				B6FD31C818ECA93800214787 /* MultipartFormDataParser.m in Sources */,
				B6FD31D018ECA93800214787 /* HTTPRedirectResponse.m in Sources */,
				B6FD31DF18ECA93800214787 /* RNDecryptor.m in Sources */,
				B6F12CDF18EDDAE100BC50EB /* CJSONSerializer.m in Sources */,
				B6FD31EB18ECA93800214787 /* SystemConvert.m in Sources */,
				B6FD31CC18ECA93800214787 /* HTTPDataResponse.m in Sources */,
				B6FD31D518ECA93800214787 /* DDASLLogger.m in Sources */,
				B6FD31E618ECA93800214787 /* KPHProtocol.m in Sources */,
				B6FD31D918ECA93800214787 /* ContextFilterLogFormatter.m in Sources */,
				B6FD31C618ECA93800214787 /* HTTPMessage.m in Sources */,
				B6FD31EA18ECA93800214787 /* AssemblyInfo.m in Sources */,
				B6FD31E118ECA93800214787 /* RNOpenSSLCryptor.m in Sources */,
				B6FD31D218ECA93800214787 /* GCDAsyncSocket.m in Sources */,
				B6FD31F018ECA93800214787 /* Request.m in Sources */,
				B6FD31EE18ECA93800214787 /* PwUuid.m in Sources */,
				B6FD31CD18ECA93800214787 /* HTTPDynamicFileResponse.m in Sources */,
				B6FD31C218ECA93800214787 /* DDNumber.m in Sources */,
				B6FD31D618ECA93800214787 /* DDFileLogger.m in Sources */,
				B6FD31C118ECA93800214787 /* DDData.m in Sources */,
				B6FD31C418ECA93800214787 /* HTTPAuthenticationRequest.m in Sources */,
				B6FD31CB18ECA93800214787 /* HTTPAsyncFileResponse.m in Sources */,
				B6FD31CE18ECA93800214787 /* HTTPErrorResponse.m in Sources */,
				B6FD31D818ECA93800214787 /* DDTTYLogger.m in Sources */,
				B6FD31E318ECA93800214787 /* RNOpenSSLEncryptor.m in Sources */,
				B6FD31C918ECA93800214787 /* MultipartMessageHeader.m in Sources */,
				B6FD31C718ECA93800214787 /* HTTPServer.m in Sources */,
				B6FD31D418ECA93800214787 /* DDAbstractDatabaseLogger.m in Sources */,
				B6FD31CA18ECA93800214787 /* MultipartMessageHeaderField.m in Sources */,
				B6FD31CF18ECA93800214787 /* HTTPFileResponse.m in Sources */,
				B6FD31C518ECA93800214787 /* HTTPConnection.m in Sources */,
				B6FD31ED18ECA93800214787 /* PwEntry.m in Sources */,
				B6FD31EF18ECA93800214787 /* KeePassHttpEntryConfig.m in Sources */,
			);
			runOnlyForDeploymentPostprocessing = 0;
		};
		B63F52A018EB63A80024CE2D /* Sources */ = {
			isa = PBXSourcesBuildPhase;
			buildActionMask = 2147483647;
			files = (
				B63F52B118EB63A80024CE2D /* keepasshttp_objcTests.m in Sources */,
			);
			runOnlyForDeploymentPostprocessing = 0;
		};
/* End PBXSourcesBuildPhase section */

/* Begin PBXTargetDependency section */
		B63F52A918EB63A80024CE2D /* PBXTargetDependency */ = {
			isa = PBXTargetDependency;
			target = B63F528218EB63A80024CE2D /* keepasshttp-objc */;
			targetProxy = B63F52A818EB63A80024CE2D /* PBXContainerItemProxy */;
		};
/* End PBXTargetDependency section */

/* Begin PBXVariantGroup section */
		B63F528F18EB63A80024CE2D /* InfoPlist.strings */ = {
			isa = PBXVariantGroup;
			children = (
				B63F529018EB63A80024CE2D /* en */,
			);
			name = InfoPlist.strings;
			sourceTree = "<group>";
		};
		B63F529518EB63A80024CE2D /* Credits.rtf */ = {
			isa = PBXVariantGroup;
			children = (
				B63F529618EB63A80024CE2D /* en */,
			);
			name = Credits.rtf;
			sourceTree = "<group>";
		};
		B63F529B18EB63A80024CE2D /* MainMenu.xib */ = {
			isa = PBXVariantGroup;
			children = (
				B63F529C18EB63A80024CE2D /* Base */,
			);
			name = MainMenu.xib;
			sourceTree = "<group>";
		};
		B63F52AD18EB63A80024CE2D /* InfoPlist.strings */ = {
			isa = PBXVariantGroup;
			children = (
				B63F52AE18EB63A80024CE2D /* en */,
			);
			name = InfoPlist.strings;
			sourceTree = "<group>";
		};
/* End PBXVariantGroup section */

/* Begin XCBuildConfiguration section */
		B63F52B218EB63A80024CE2D /* Debug */ = {
			isa = XCBuildConfiguration;
			buildSettings = {
				ALWAYS_SEARCH_USER_PATHS = NO;
				CLANG_CXX_LANGUAGE_STANDARD = "gnu++0x";
				CLANG_CXX_LIBRARY = "libc++";
				CLANG_ENABLE_MODULES = YES;
				CLANG_ENABLE_OBJC_ARC = YES;
				CLANG_WARN_BOOL_CONVERSION = YES;
				CLANG_WARN_CONSTANT_CONVERSION = YES;
				CLANG_WARN_DIRECT_OBJC_ISA_USAGE = YES_ERROR;
				CLANG_WARN_EMPTY_BODY = YES;
				CLANG_WARN_ENUM_CONVERSION = YES;
				CLANG_WARN_INT_CONVERSION = YES;
				CLANG_WARN_OBJC_ROOT_CLASS = YES_ERROR;
				CLANG_WARN__DUPLICATE_METHOD_MATCH = YES;
				COPY_PHASE_STRIP = NO;
				GCC_C_LANGUAGE_STANDARD = gnu99;
				GCC_DYNAMIC_NO_PIC = NO;
				GCC_ENABLE_OBJC_EXCEPTIONS = YES;
				GCC_OPTIMIZATION_LEVEL = 0;
				GCC_PREPROCESSOR_DEFINITIONS = (
					"DEBUG=1",
					"$(inherited)",
				);
				GCC_SYMBOLS_PRIVATE_EXTERN = NO;
				GCC_WARN_64_TO_32_BIT_CONVERSION = YES;
				GCC_WARN_ABOUT_RETURN_TYPE = YES_ERROR;
				GCC_WARN_UNDECLARED_SELECTOR = YES;
				GCC_WARN_UNINITIALIZED_AUTOS = YES_AGGRESSIVE;
				GCC_WARN_UNUSED_FUNCTION = YES;
				GCC_WARN_UNUSED_VARIABLE = YES;
				MACOSX_DEPLOYMENT_TARGET = 10.9;
				ONLY_ACTIVE_ARCH = YES;
				SDKROOT = macosx;
			};
			name = Debug;
		};
		B63F52B318EB63A80024CE2D /* Release */ = {
			isa = XCBuildConfiguration;
			buildSettings = {
				ALWAYS_SEARCH_USER_PATHS = NO;
				CLANG_CXX_LANGUAGE_STANDARD = "gnu++0x";
				CLANG_CXX_LIBRARY = "libc++";
				CLANG_ENABLE_MODULES = YES;
				CLANG_ENABLE_OBJC_ARC = YES;
				CLANG_WARN_BOOL_CONVERSION = YES;
				CLANG_WARN_CONSTANT_CONVERSION = YES;
				CLANG_WARN_DIRECT_OBJC_ISA_USAGE = YES_ERROR;
				CLANG_WARN_EMPTY_BODY = YES;
				CLANG_WARN_ENUM_CONVERSION = YES;
				CLANG_WARN_INT_CONVERSION = YES;
				CLANG_WARN_OBJC_ROOT_CLASS = YES_ERROR;
				CLANG_WARN__DUPLICATE_METHOD_MATCH = YES;
				COPY_PHASE_STRIP = YES;
				DEBUG_INFORMATION_FORMAT = "dwarf-with-dsym";
				ENABLE_NS_ASSERTIONS = NO;
				GCC_C_LANGUAGE_STANDARD = gnu99;
				GCC_ENABLE_OBJC_EXCEPTIONS = YES;
				GCC_WARN_64_TO_32_BIT_CONVERSION = YES;
				GCC_WARN_ABOUT_RETURN_TYPE = YES_ERROR;
				GCC_WARN_UNDECLARED_SELECTOR = YES;
				GCC_WARN_UNINITIALIZED_AUTOS = YES_AGGRESSIVE;
				GCC_WARN_UNUSED_FUNCTION = YES;
				GCC_WARN_UNUSED_VARIABLE = YES;
				MACOSX_DEPLOYMENT_TARGET = 10.9;
				SDKROOT = macosx;
			};
			name = Release;
		};
		B63F52B518EB63A80024CE2D /* Debug */ = {
			isa = XCBuildConfiguration;
			buildSettings = {
				ASSETCATALOG_COMPILER_APPICON_NAME = AppIcon;
				COMBINE_HIDPI_IMAGES = YES;
				GCC_PRECOMPILE_PREFIX_HEADER = YES;
				GCC_PREFIX_HEADER = "keepasshttp-objc/keepasshttp-objc-Prefix.pch";
				INFOPLIST_FILE = "keepasshttp-objc/keepasshttp-objc-Info.plist";
				"OTHER_LDFLAGS[arch=*]" = "-v";
				PRODUCT_NAME = "$(TARGET_NAME)";
				WRAPPER_EXTENSION = app;
			};
			name = Debug;
		};
		B63F52B618EB63A80024CE2D /* Release */ = {
			isa = XCBuildConfiguration;
			buildSettings = {
				ASSETCATALOG_COMPILER_APPICON_NAME = AppIcon;
				COMBINE_HIDPI_IMAGES = YES;
				GCC_PRECOMPILE_PREFIX_HEADER = YES;
				GCC_PREFIX_HEADER = "keepasshttp-objc/keepasshttp-objc-Prefix.pch";
				INFOPLIST_FILE = "keepasshttp-objc/keepasshttp-objc-Info.plist";
				PRODUCT_NAME = "$(TARGET_NAME)";
				WRAPPER_EXTENSION = app;
			};
			name = Release;
		};
		B63F52B818EB63A80024CE2D /* Debug */ = {
			isa = XCBuildConfiguration;
			buildSettings = {
				BUNDLE_LOADER = "$(BUILT_PRODUCTS_DIR)/keepasshttp-objc.app/Contents/MacOS/keepasshttp-objc";
				COMBINE_HIDPI_IMAGES = YES;
				FRAMEWORK_SEARCH_PATHS = (
					"$(DEVELOPER_FRAMEWORKS_DIR)",
					"$(inherited)",
				);
				GCC_PRECOMPILE_PREFIX_HEADER = YES;
				GCC_PREFIX_HEADER = "keepasshttp-objc/keepasshttp-objc-Prefix.pch";
				GCC_PREPROCESSOR_DEFINITIONS = (
					"DEBUG=1",
					"$(inherited)",
				);
				INFOPLIST_FILE = "keepasshttp-objcTests/keepasshttp-objcTests-Info.plist";
				PRODUCT_NAME = "$(TARGET_NAME)";
				TEST_HOST = "$(BUNDLE_LOADER)";
				WRAPPER_EXTENSION = xctest;
			};
			name = Debug;
		};
		B63F52B918EB63A80024CE2D /* Release */ = {
			isa = XCBuildConfiguration;
			buildSettings = {
				BUNDLE_LOADER = "$(BUILT_PRODUCTS_DIR)/keepasshttp-objc.app/Contents/MacOS/keepasshttp-objc";
				COMBINE_HIDPI_IMAGES = YES;
				FRAMEWORK_SEARCH_PATHS = (
					"$(DEVELOPER_FRAMEWORKS_DIR)",
					"$(inherited)",
				);
				GCC_PRECOMPILE_PREFIX_HEADER = YES;
				GCC_PREFIX_HEADER = "keepasshttp-objc/keepasshttp-objc-Prefix.pch";
				INFOPLIST_FILE = "keepasshttp-objcTests/keepasshttp-objcTests-Info.plist";
				PRODUCT_NAME = "$(TARGET_NAME)";
				TEST_HOST = "$(BUNDLE_LOADER)";
				WRAPPER_EXTENSION = xctest;
			};
			name = Release;
		};
/* End XCBuildConfiguration section */

/* Begin XCConfigurationList section */
		B63F527E18EB63A80024CE2D /* Build configuration list for PBXProject "keepasshttp-objc" */ = {
			isa = XCConfigurationList;
			buildConfigurations = (
				B63F52B218EB63A80024CE2D /* Debug */,
				B63F52B318EB63A80024CE2D /* Release */,
			);
			defaultConfigurationIsVisible = 0;
			defaultConfigurationName = Release;
		};
		B63F52B418EB63A80024CE2D /* Build configuration list for PBXNativeTarget "keepasshttp-objc" */ = {
			isa = XCConfigurationList;
			buildConfigurations = (
				B63F52B518EB63A80024CE2D /* Debug */,
				B63F52B618EB63A80024CE2D /* Release */,
			);
			defaultConfigurationIsVisible = 0;
			defaultConfigurationName = Release;
		};
		B63F52B718EB63A80024CE2D /* Build configuration list for PBXNativeTarget "keepasshttp-objcTests" */ = {
			isa = XCConfigurationList;
			buildConfigurations = (
				B63F52B818EB63A80024CE2D /* Debug */,
				B63F52B918EB63A80024CE2D /* Release */,
			);
			defaultConfigurationIsVisible = 0;
			defaultConfigurationName = Release;
		};
/* End XCConfigurationList section */
	};
	rootObject = B63F527B18EB63A80024CE2D /* Project object */;
}
