// !$*UTF8*$!
{
	archiveVersion = 1;
	classes = {
	};
	objectVersion = 46;
	objects = {

/* Begin PBXBuildFile section */
		B63F528718EB63A80024CE2D /* Cocoa.framework in Frameworks */ = {isa = PBXBuildFile; fileRef = B63F528618EB63A80024CE2D /* Cocoa.framework */; };
		B63F529118EB63A80024CE2D /* InfoPlist.strings in Resources */ = {isa = PBXBuildFile; fileRef = B63F528F18EB63A80024CE2D /* InfoPlist.strings */; };
		B63F529318EB63A80024CE2D /* main.m in Sources */ = {isa = PBXBuildFile; fileRef = B63F529218EB63A80024CE2D /* main.m */; };
		B63F529718EB63A80024CE2D /* Credits.rtf in Resources */ = {isa = PBXBuildFile; fileRef = B63F529518EB63A80024CE2D /* Credits.rtf */; };
		B63F529A18EB63A80024CE2D /* KPHAppDelegate.m in Sources */ = {isa = PBXBuildFile; fileRef = B63F529918EB63A80024CE2D /* KPHAppDelegate.m */; };
		B63F529D18EB63A80024CE2D /* MainMenu.xib in Resources */ = {isa = PBXBuildFile; fileRef = B63F529B18EB63A80024CE2D /* MainMenu.xib */; };
		B63F529F18EB63A80024CE2D /* Images.xcassets in Resources */ = {isa = PBXBuildFile; fileRef = B63F529E18EB63A80024CE2D /* Images.xcassets */; };
		B63F52A618EB63A80024CE2D /* XCTest.framework in Frameworks */ = {isa = PBXBuildFile; fileRef = B63F52A518EB63A80024CE2D /* XCTest.framework */; };
		B63F52A718EB63A80024CE2D /* Cocoa.framework in Frameworks */ = {isa = PBXBuildFile; fileRef = B63F528618EB63A80024CE2D /* Cocoa.framework */; };
		B63F52AF18EB63A80024CE2D /* InfoPlist.strings in Resources */ = {isa = PBXBuildFile; fileRef = B63F52AD18EB63A80024CE2D /* InfoPlist.strings */; };
		B63F52B118EB63A80024CE2D /* keepasshttp_objcTests.m in Sources */ = {isa = PBXBuildFile; fileRef = B63F52B018EB63A80024CE2D /* keepasshttp_objcTests.m */; };
		B63F530B18EB64B60024CE2D /* DDData.m in Sources */ = {isa = PBXBuildFile; fileRef = B63F52BE18EB64B60024CE2D /* DDData.m */; };
		B63F530C18EB64B60024CE2D /* DDNumber.m in Sources */ = {isa = PBXBuildFile; fileRef = B63F52C018EB64B60024CE2D /* DDNumber.m */; };
		B63F530D18EB64B60024CE2D /* DDRange.m in Sources */ = {isa = PBXBuildFile; fileRef = B63F52C218EB64B60024CE2D /* DDRange.m */; };
		B63F530E18EB64B60024CE2D /* HTTPAuthenticationRequest.m in Sources */ = {isa = PBXBuildFile; fileRef = B63F52C418EB64B60024CE2D /* HTTPAuthenticationRequest.m */; };
		B63F530F18EB64B60024CE2D /* HTTPConnection.m in Sources */ = {isa = PBXBuildFile; fileRef = B63F52C618EB64B60024CE2D /* HTTPConnection.m */; };
		B63F531018EB64B60024CE2D /* HTTPMessage.m in Sources */ = {isa = PBXBuildFile; fileRef = B63F52C918EB64B60024CE2D /* HTTPMessage.m */; };
		B63F531118EB64B60024CE2D /* HTTPServer.m in Sources */ = {isa = PBXBuildFile; fileRef = B63F52CC18EB64B60024CE2D /* HTTPServer.m */; };
		B63F531218EB64B60024CE2D /* MultipartFormDataParser.m in Sources */ = {isa = PBXBuildFile; fileRef = B63F52CF18EB64B60024CE2D /* MultipartFormDataParser.m */; };
		B63F531318EB64B60024CE2D /* MultipartMessageHeader.m in Sources */ = {isa = PBXBuildFile; fileRef = B63F52D118EB64B60024CE2D /* MultipartMessageHeader.m */; };
		B63F531418EB64B60024CE2D /* MultipartMessageHeaderField.m in Sources */ = {isa = PBXBuildFile; fileRef = B63F52D318EB64B60024CE2D /* MultipartMessageHeaderField.m */; };
		B63F531518EB64B60024CE2D /* HTTPAsyncFileResponse.m in Sources */ = {isa = PBXBuildFile; fileRef = B63F52D618EB64B60024CE2D /* HTTPAsyncFileResponse.m */; };
		B63F531618EB64B60024CE2D /* HTTPDataResponse.m in Sources */ = {isa = PBXBuildFile; fileRef = B63F52D818EB64B60024CE2D /* HTTPDataResponse.m */; };
		B63F531718EB64B60024CE2D /* HTTPDynamicFileResponse.m in Sources */ = {isa = PBXBuildFile; fileRef = B63F52DA18EB64B60024CE2D /* HTTPDynamicFileResponse.m */; };
		B63F531818EB64B60024CE2D /* HTTPErrorResponse.m in Sources */ = {isa = PBXBuildFile; fileRef = B63F52DC18EB64B60024CE2D /* HTTPErrorResponse.m */; };
		B63F531918EB64B60024CE2D /* HTTPFileResponse.m in Sources */ = {isa = PBXBuildFile; fileRef = B63F52DE18EB64B60024CE2D /* HTTPFileResponse.m */; };
		B63F531A18EB64B60024CE2D /* HTTPRedirectResponse.m in Sources */ = {isa = PBXBuildFile; fileRef = B63F52E018EB64B60024CE2D /* HTTPRedirectResponse.m */; };
		B63F531B18EB64B60024CE2D /* WebSocket.m in Sources */ = {isa = PBXBuildFile; fileRef = B63F52E218EB64B60024CE2D /* WebSocket.m */; };
		B63F531C18EB64B60024CE2D /* KPHAssociationHandler.m in Sources */ = {isa = PBXBuildFile; fileRef = B63F52E718EB64B60024CE2D /* KPHAssociationHandler.m */; };
		B63F532318EB64B60024CE2D /* KPHHttpConnection.m in Sources */ = {isa = PBXBuildFile; fileRef = B63F52F518EB64B60024CE2D /* KPHHttpConnection.m */; };
		B63F532418EB64B60024CE2D /* KPHKeePassUtil.m in Sources */ = {isa = PBXBuildFile; fileRef = B63F52F718EB64B60024CE2D /* KPHKeePassUtil.m */; };
		B63F532518EB64B60024CE2D /* KPHProtocol.m in Sources */ = {isa = PBXBuildFile; fileRef = B63F52F918EB64B60024CE2D /* KPHProtocol.m */; };
		B63F532618EB64B60024CE2D /* MacPass.m in Sources */ = {isa = PBXBuildFile; fileRef = B63F52FD18EB64B60024CE2D /* MacPass.m */; };
		B63F532718EB64B60024CE2D /* Aes.m in Sources */ = {isa = PBXBuildFile; fileRef = B63F530118EB64B60024CE2D /* Aes.m */; };
		B63F532818EB64B60024CE2D /* SystemConvert.m in Sources */ = {isa = PBXBuildFile; fileRef = B63F530318EB64B60024CE2D /* SystemConvert.m */; };
		B63F535718EB666F0024CE2D /* PwDefs.m in Sources */ = {isa = PBXBuildFile; fileRef = B63F534718EB666F0024CE2D /* PwDefs.m */; };
		B63F535818EB666F0024CE2D /* PwEntry.m in Sources */ = {isa = PBXBuildFile; fileRef = B63F534918EB666F0024CE2D /* PwEntry.m */; };
		B63F535918EB666F0024CE2D /* PwUuid.m in Sources */ = {isa = PBXBuildFile; fileRef = B63F534B18EB666F0024CE2D /* PwUuid.m */; };
		B63F535A18EB666F0024CE2D /* KeePassHttpEntryConfig.m in Sources */ = {isa = PBXBuildFile; fileRef = B63F534E18EB666F0024CE2D /* KeePassHttpEntryConfig.m */; };
		B63F535B18EB666F0024CE2D /* Request.m in Sources */ = {isa = PBXBuildFile; fileRef = B63F535018EB666F0024CE2D /* Request.m */; };
		B63F535C18EB666F0024CE2D /* Response.m in Sources */ = {isa = PBXBuildFile; fileRef = B63F535218EB666F0024CE2D /* Response.m */; };
		B63F535D18EB666F0024CE2D /* ResponseEntry.m in Sources */ = {isa = PBXBuildFile; fileRef = B63F535418EB666F0024CE2D /* ResponseEntry.m */; };
		B63F535E18EB666F0024CE2D /* ResponseStringField.m in Sources */ = {isa = PBXBuildFile; fileRef = B63F535618EB666F0024CE2D /* ResponseStringField.m */; };
		B63F537618EB66E40024CE2D /* About.txt in Resources */ = {isa = PBXBuildFile; fileRef = B63F536118EB66E40024CE2D /* About.txt */; };
		B63F537718EB66E40024CE2D /* GCDAsyncSocket.m in Sources */ = {isa = PBXBuildFile; fileRef = B63F536318EB66E40024CE2D /* GCDAsyncSocket.m */; };
		B63F537818EB66E40024CE2D /* About.txt in Resources */ = {isa = PBXBuildFile; fileRef = B63F536518EB66E40024CE2D /* About.txt */; };
		B63F537918EB66E40024CE2D /* DDAbstractDatabaseLogger.m in Sources */ = {isa = PBXBuildFile; fileRef = B63F536718EB66E40024CE2D /* DDAbstractDatabaseLogger.m */; };
		B63F537A18EB66E40024CE2D /* DDASLLogger.m in Sources */ = {isa = PBXBuildFile; fileRef = B63F536918EB66E40024CE2D /* DDASLLogger.m */; };
		B63F537B18EB66E40024CE2D /* DDFileLogger.m in Sources */ = {isa = PBXBuildFile; fileRef = B63F536B18EB66E40024CE2D /* DDFileLogger.m */; };
		B63F537C18EB66E40024CE2D /* DDLog.m in Sources */ = {isa = PBXBuildFile; fileRef = B63F536D18EB66E40024CE2D /* DDLog.m */; };
		B63F537D18EB66E40024CE2D /* DDTTYLogger.m in Sources */ = {isa = PBXBuildFile; fileRef = B63F536F18EB66E40024CE2D /* DDTTYLogger.m */; };
		B63F537E18EB66E40024CE2D /* ContextFilterLogFormatter.m in Sources */ = {isa = PBXBuildFile; fileRef = B63F537218EB66E40024CE2D /* ContextFilterLogFormatter.m */; };
		B63F537F18EB66E40024CE2D /* DispatchQueueLogFormatter.m in Sources */ = {isa = PBXBuildFile; fileRef = B63F537418EB66E40024CE2D /* DispatchQueueLogFormatter.m */; };
		B63F538018EB66E40024CE2D /* README.txt in Resources */ = {isa = PBXBuildFile; fileRef = B63F537518EB66E40024CE2D /* README.txt */; };
		B6FD308118EC772A00214787 /* AssemblyInfo.m in Sources */ = {isa = PBXBuildFile; fileRef = B6FD308018EC772A00214787 /* AssemblyInfo.m */; };
/* End PBXBuildFile section */

/* Begin PBXContainerItemProxy section */
		B63F52A818EB63A80024CE2D /* PBXContainerItemProxy */ = {
			isa = PBXContainerItemProxy;
			containerPortal = B63F527B18EB63A80024CE2D /* Project object */;
			proxyType = 1;
			remoteGlobalIDString = B63F528218EB63A80024CE2D;
			remoteInfo = "keepasshttp-objc";
		};
/* End PBXContainerItemProxy section */

/* Begin PBXFileReference section */
		B63F528318EB63A80024CE2D /* keepasshttp-objc.app */ = {isa = PBXFileReference; explicitFileType = wrapper.application; includeInIndex = 0; path = "keepasshttp-objc.app"; sourceTree = BUILT_PRODUCTS_DIR; };
		B63F528618EB63A80024CE2D /* Cocoa.framework */ = {isa = PBXFileReference; lastKnownFileType = wrapper.framework; name = Cocoa.framework; path = System/Library/Frameworks/Cocoa.framework; sourceTree = SDKROOT; };
		B63F528918EB63A80024CE2D /* AppKit.framework */ = {isa = PBXFileReference; lastKnownFileType = wrapper.framework; name = AppKit.framework; path = System/Library/Frameworks/AppKit.framework; sourceTree = SDKROOT; };
		B63F528A18EB63A80024CE2D /* CoreData.framework */ = {isa = PBXFileReference; lastKnownFileType = wrapper.framework; name = CoreData.framework; path = System/Library/Frameworks/CoreData.framework; sourceTree = SDKROOT; };
		B63F528B18EB63A80024CE2D /* Foundation.framework */ = {isa = PBXFileReference; lastKnownFileType = wrapper.framework; name = Foundation.framework; path = System/Library/Frameworks/Foundation.framework; sourceTree = SDKROOT; };
		B63F528E18EB63A80024CE2D /* keepasshttp-objc-Info.plist */ = {isa = PBXFileReference; lastKnownFileType = text.plist.xml; path = "keepasshttp-objc-Info.plist"; sourceTree = "<group>"; };
		B63F529018EB63A80024CE2D /* en */ = {isa = PBXFileReference; lastKnownFileType = text.plist.strings; name = en; path = en.lproj/InfoPlist.strings; sourceTree = "<group>"; };
		B63F529218EB63A80024CE2D /* main.m */ = {isa = PBXFileReference; lastKnownFileType = sourcecode.c.objc; path = main.m; sourceTree = "<group>"; };
		B63F529418EB63A80024CE2D /* keepasshttp-objc-Prefix.pch */ = {isa = PBXFileReference; lastKnownFileType = sourcecode.c.h; path = "keepasshttp-objc-Prefix.pch"; sourceTree = "<group>"; };
		B63F529618EB63A80024CE2D /* en */ = {isa = PBXFileReference; lastKnownFileType = text.rtf; name = en; path = en.lproj/Credits.rtf; sourceTree = "<group>"; };
		B63F529818EB63A80024CE2D /* KPHAppDelegate.h */ = {isa = PBXFileReference; lastKnownFileType = sourcecode.c.h; path = KPHAppDelegate.h; sourceTree = "<group>"; };
		B63F529918EB63A80024CE2D /* KPHAppDelegate.m */ = {isa = PBXFileReference; lastKnownFileType = sourcecode.c.objc; path = KPHAppDelegate.m; sourceTree = "<group>"; };
		B63F529C18EB63A80024CE2D /* Base */ = {isa = PBXFileReference; lastKnownFileType = file.xib; name = Base; path = Base.lproj/MainMenu.xib; sourceTree = "<group>"; };
		B63F529E18EB63A80024CE2D /* Images.xcassets */ = {isa = PBXFileReference; lastKnownFileType = folder.assetcatalog; path = Images.xcassets; sourceTree = "<group>"; };
		B63F52A418EB63A80024CE2D /* keepasshttp-objcTests.xctest */ = {isa = PBXFileReference; explicitFileType = wrapper.cfbundle; includeInIndex = 0; path = "keepasshttp-objcTests.xctest"; sourceTree = BUILT_PRODUCTS_DIR; };
		B63F52A518EB63A80024CE2D /* XCTest.framework */ = {isa = PBXFileReference; lastKnownFileType = wrapper.framework; name = XCTest.framework; path = Library/Frameworks/XCTest.framework; sourceTree = DEVELOPER_DIR; };
		B63F52AC18EB63A80024CE2D /* keepasshttp-objcTests-Info.plist */ = {isa = PBXFileReference; lastKnownFileType = text.plist.xml; path = "keepasshttp-objcTests-Info.plist"; sourceTree = "<group>"; };
		B63F52AE18EB63A80024CE2D /* en */ = {isa = PBXFileReference; lastKnownFileType = text.plist.strings; name = en; path = en.lproj/InfoPlist.strings; sourceTree = "<group>"; };
		B63F52B018EB63A80024CE2D /* keepasshttp_objcTests.m */ = {isa = PBXFileReference; lastKnownFileType = sourcecode.c.objc; path = keepasshttp_objcTests.m; sourceTree = "<group>"; };
		B63F52BD18EB64B60024CE2D /* DDData.h */ = {isa = PBXFileReference; fileEncoding = 4; lastKnownFileType = sourcecode.c.h; path = DDData.h; sourceTree = "<group>"; };
		B63F52BE18EB64B60024CE2D /* DDData.m */ = {isa = PBXFileReference; fileEncoding = 4; lastKnownFileType = sourcecode.c.objc; path = DDData.m; sourceTree = "<group>"; };
		B63F52BF18EB64B60024CE2D /* DDNumber.h */ = {isa = PBXFileReference; fileEncoding = 4; lastKnownFileType = sourcecode.c.h; path = DDNumber.h; sourceTree = "<group>"; };
		B63F52C018EB64B60024CE2D /* DDNumber.m */ = {isa = PBXFileReference; fileEncoding = 4; lastKnownFileType = sourcecode.c.objc; path = DDNumber.m; sourceTree = "<group>"; };
		B63F52C118EB64B60024CE2D /* DDRange.h */ = {isa = PBXFileReference; fileEncoding = 4; lastKnownFileType = sourcecode.c.h; path = DDRange.h; sourceTree = "<group>"; };
		B63F52C218EB64B60024CE2D /* DDRange.m */ = {isa = PBXFileReference; fileEncoding = 4; lastKnownFileType = sourcecode.c.objc; path = DDRange.m; sourceTree = "<group>"; };
		B63F52C318EB64B60024CE2D /* HTTPAuthenticationRequest.h */ = {isa = PBXFileReference; fileEncoding = 4; lastKnownFileType = sourcecode.c.h; path = HTTPAuthenticationRequest.h; sourceTree = "<group>"; };
		B63F52C418EB64B60024CE2D /* HTTPAuthenticationRequest.m */ = {isa = PBXFileReference; fileEncoding = 4; lastKnownFileType = sourcecode.c.objc; path = HTTPAuthenticationRequest.m; sourceTree = "<group>"; };
		B63F52C518EB64B60024CE2D /* HTTPConnection.h */ = {isa = PBXFileReference; fileEncoding = 4; lastKnownFileType = sourcecode.c.h; path = HTTPConnection.h; sourceTree = "<group>"; };
		B63F52C618EB64B60024CE2D /* HTTPConnection.m */ = {isa = PBXFileReference; fileEncoding = 4; lastKnownFileType = sourcecode.c.objc; path = HTTPConnection.m; sourceTree = "<group>"; };
		B63F52C718EB64B60024CE2D /* HTTPLogging.h */ = {isa = PBXFileReference; fileEncoding = 4; lastKnownFileType = sourcecode.c.h; path = HTTPLogging.h; sourceTree = "<group>"; };
		B63F52C818EB64B60024CE2D /* HTTPMessage.h */ = {isa = PBXFileReference; fileEncoding = 4; lastKnownFileType = sourcecode.c.h; path = HTTPMessage.h; sourceTree = "<group>"; };
		B63F52C918EB64B60024CE2D /* HTTPMessage.m */ = {isa = PBXFileReference; fileEncoding = 4; lastKnownFileType = sourcecode.c.objc; path = HTTPMessage.m; sourceTree = "<group>"; };
		B63F52CA18EB64B60024CE2D /* HTTPResponse.h */ = {isa = PBXFileReference; fileEncoding = 4; lastKnownFileType = sourcecode.c.h; path = HTTPResponse.h; sourceTree = "<group>"; };
		B63F52CB18EB64B60024CE2D /* HTTPServer.h */ = {isa = PBXFileReference; fileEncoding = 4; lastKnownFileType = sourcecode.c.h; path = HTTPServer.h; sourceTree = "<group>"; };
		B63F52CC18EB64B60024CE2D /* HTTPServer.m */ = {isa = PBXFileReference; fileEncoding = 4; lastKnownFileType = sourcecode.c.objc; path = HTTPServer.m; sourceTree = "<group>"; };
		B63F52CE18EB64B60024CE2D /* MultipartFormDataParser.h */ = {isa = PBXFileReference; fileEncoding = 4; lastKnownFileType = sourcecode.c.h; path = MultipartFormDataParser.h; sourceTree = "<group>"; };
		B63F52CF18EB64B60024CE2D /* MultipartFormDataParser.m */ = {isa = PBXFileReference; fileEncoding = 4; lastKnownFileType = sourcecode.c.objc; path = MultipartFormDataParser.m; sourceTree = "<group>"; };
		B63F52D018EB64B60024CE2D /* MultipartMessageHeader.h */ = {isa = PBXFileReference; fileEncoding = 4; lastKnownFileType = sourcecode.c.h; path = MultipartMessageHeader.h; sourceTree = "<group>"; };
		B63F52D118EB64B60024CE2D /* MultipartMessageHeader.m */ = {isa = PBXFileReference; fileEncoding = 4; lastKnownFileType = sourcecode.c.objc; path = MultipartMessageHeader.m; sourceTree = "<group>"; };
		B63F52D218EB64B60024CE2D /* MultipartMessageHeaderField.h */ = {isa = PBXFileReference; fileEncoding = 4; lastKnownFileType = sourcecode.c.h; path = MultipartMessageHeaderField.h; sourceTree = "<group>"; };
		B63F52D318EB64B60024CE2D /* MultipartMessageHeaderField.m */ = {isa = PBXFileReference; fileEncoding = 4; lastKnownFileType = sourcecode.c.objc; path = MultipartMessageHeaderField.m; sourceTree = "<group>"; };
		B63F52D518EB64B60024CE2D /* HTTPAsyncFileResponse.h */ = {isa = PBXFileReference; fileEncoding = 4; lastKnownFileType = sourcecode.c.h; path = HTTPAsyncFileResponse.h; sourceTree = "<group>"; };
		B63F52D618EB64B60024CE2D /* HTTPAsyncFileResponse.m */ = {isa = PBXFileReference; fileEncoding = 4; lastKnownFileType = sourcecode.c.objc; path = HTTPAsyncFileResponse.m; sourceTree = "<group>"; };
		B63F52D718EB64B60024CE2D /* HTTPDataResponse.h */ = {isa = PBXFileReference; fileEncoding = 4; lastKnownFileType = sourcecode.c.h; path = HTTPDataResponse.h; sourceTree = "<group>"; };
		B63F52D818EB64B60024CE2D /* HTTPDataResponse.m */ = {isa = PBXFileReference; fileEncoding = 4; lastKnownFileType = sourcecode.c.objc; path = HTTPDataResponse.m; sourceTree = "<group>"; };
		B63F52D918EB64B60024CE2D /* HTTPDynamicFileResponse.h */ = {isa = PBXFileReference; fileEncoding = 4; lastKnownFileType = sourcecode.c.h; path = HTTPDynamicFileResponse.h; sourceTree = "<group>"; };
		B63F52DA18EB64B60024CE2D /* HTTPDynamicFileResponse.m */ = {isa = PBXFileReference; fileEncoding = 4; lastKnownFileType = sourcecode.c.objc; path = HTTPDynamicFileResponse.m; sourceTree = "<group>"; };
		B63F52DB18EB64B60024CE2D /* HTTPErrorResponse.h */ = {isa = PBXFileReference; fileEncoding = 4; lastKnownFileType = sourcecode.c.h; path = HTTPErrorResponse.h; sourceTree = "<group>"; };
		B63F52DC18EB64B60024CE2D /* HTTPErrorResponse.m */ = {isa = PBXFileReference; fileEncoding = 4; lastKnownFileType = sourcecode.c.objc; path = HTTPErrorResponse.m; sourceTree = "<group>"; };
		B63F52DD18EB64B60024CE2D /* HTTPFileResponse.h */ = {isa = PBXFileReference; fileEncoding = 4; lastKnownFileType = sourcecode.c.h; path = HTTPFileResponse.h; sourceTree = "<group>"; };
		B63F52DE18EB64B60024CE2D /* HTTPFileResponse.m */ = {isa = PBXFileReference; fileEncoding = 4; lastKnownFileType = sourcecode.c.objc; path = HTTPFileResponse.m; sourceTree = "<group>"; };
		B63F52DF18EB64B60024CE2D /* HTTPRedirectResponse.h */ = {isa = PBXFileReference; fileEncoding = 4; lastKnownFileType = sourcecode.c.h; path = HTTPRedirectResponse.h; sourceTree = "<group>"; };
		B63F52E018EB64B60024CE2D /* HTTPRedirectResponse.m */ = {isa = PBXFileReference; fileEncoding = 4; lastKnownFileType = sourcecode.c.objc; path = HTTPRedirectResponse.m; sourceTree = "<group>"; };
		B63F52E118EB64B60024CE2D /* WebSocket.h */ = {isa = PBXFileReference; fileEncoding = 4; lastKnownFileType = sourcecode.c.h; path = WebSocket.h; sourceTree = "<group>"; };
		B63F52E218EB64B60024CE2D /* WebSocket.m */ = {isa = PBXFileReference; fileEncoding = 4; lastKnownFileType = sourcecode.c.objc; path = WebSocket.m; sourceTree = "<group>"; };
		B63F52E618EB64B60024CE2D /* KPHAssociationHandler.h */ = {isa = PBXFileReference; fileEncoding = 4; lastKnownFileType = sourcecode.c.h; path = KPHAssociationHandler.h; sourceTree = "<group>"; };
		B63F52E718EB64B60024CE2D /* KPHAssociationHandler.m */ = {isa = PBXFileReference; fileEncoding = 4; lastKnownFileType = sourcecode.c.objc; path = KPHAssociationHandler.m; sourceTree = "<group>"; };
		B63F52F418EB64B60024CE2D /* KPHHttpConnection.h */ = {isa = PBXFileReference; fileEncoding = 4; lastKnownFileType = sourcecode.c.h; path = KPHHttpConnection.h; sourceTree = "<group>"; };
		B63F52F518EB64B60024CE2D /* KPHHttpConnection.m */ = {isa = PBXFileReference; fileEncoding = 4; lastKnownFileType = sourcecode.c.objc; path = KPHHttpConnection.m; sourceTree = "<group>"; };
		B63F52F618EB64B60024CE2D /* KPHKeePassUtil.h */ = {isa = PBXFileReference; fileEncoding = 4; lastKnownFileType = sourcecode.c.h; path = KPHKeePassUtil.h; sourceTree = "<group>"; };
		B63F52F718EB64B60024CE2D /* KPHKeePassUtil.m */ = {isa = PBXFileReference; fileEncoding = 4; lastKnownFileType = sourcecode.c.objc; path = KPHKeePassUtil.m; sourceTree = "<group>"; };
		B63F52F818EB64B60024CE2D /* KPHProtocol.h */ = {isa = PBXFileReference; fileEncoding = 4; lastKnownFileType = sourcecode.c.h; path = KPHProtocol.h; sourceTree = "<group>"; };
		B63F52F918EB64B60024CE2D /* KPHProtocol.m */ = {isa = PBXFileReference; fileEncoding = 4; lastKnownFileType = sourcecode.c.objc; path = KPHProtocol.m; sourceTree = "<group>"; };
		B63F52FC18EB64B60024CE2D /* MacPass.h */ = {isa = PBXFileReference; fileEncoding = 4; lastKnownFileType = sourcecode.c.h; path = MacPass.h; sourceTree = "<group>"; };
		B63F52FD18EB64B60024CE2D /* MacPass.m */ = {isa = PBXFileReference; fileEncoding = 4; lastKnownFileType = sourcecode.c.objc; path = MacPass.m; sourceTree = "<group>"; };
		B63F530018EB64B60024CE2D /* Aes.h */ = {isa = PBXFileReference; fileEncoding = 4; lastKnownFileType = sourcecode.c.h; path = Aes.h; sourceTree = "<group>"; };
		B63F530118EB64B60024CE2D /* Aes.m */ = {isa = PBXFileReference; fileEncoding = 4; lastKnownFileType = sourcecode.c.objc; path = Aes.m; sourceTree = "<group>"; };
		B63F530218EB64B60024CE2D /* SystemConvert.h */ = {isa = PBXFileReference; fileEncoding = 4; lastKnownFileType = sourcecode.c.h; path = SystemConvert.h; sourceTree = "<group>"; };
		B63F530318EB64B60024CE2D /* SystemConvert.m */ = {isa = PBXFileReference; fileEncoding = 4; lastKnownFileType = sourcecode.c.objc; path = SystemConvert.m; sourceTree = "<group>"; };
		B63F534618EB666F0024CE2D /* PwDefs.h */ = {isa = PBXFileReference; fileEncoding = 4; lastKnownFileType = sourcecode.c.h; path = PwDefs.h; sourceTree = "<group>"; };
		B63F534718EB666F0024CE2D /* PwDefs.m */ = {isa = PBXFileReference; fileEncoding = 4; lastKnownFileType = sourcecode.c.objc; path = PwDefs.m; sourceTree = "<group>"; };
		B63F534818EB666F0024CE2D /* PwEntry.h */ = {isa = PBXFileReference; fileEncoding = 4; lastKnownFileType = sourcecode.c.h; path = PwEntry.h; sourceTree = "<group>"; };
		B63F534918EB666F0024CE2D /* PwEntry.m */ = {isa = PBXFileReference; fileEncoding = 4; lastKnownFileType = sourcecode.c.objc; path = PwEntry.m; sourceTree = "<group>"; };
		B63F534A18EB666F0024CE2D /* PwUuid.h */ = {isa = PBXFileReference; fileEncoding = 4; lastKnownFileType = sourcecode.c.h; path = PwUuid.h; sourceTree = "<group>"; };
		B63F534B18EB666F0024CE2D /* PwUuid.m */ = {isa = PBXFileReference; fileEncoding = 4; lastKnownFileType = sourcecode.c.objc; path = PwUuid.m; sourceTree = "<group>"; };
		B63F534D18EB666F0024CE2D /* KeePassHttpEntryConfig.h */ = {isa = PBXFileReference; fileEncoding = 4; lastKnownFileType = sourcecode.c.h; path = KeePassHttpEntryConfig.h; sourceTree = "<group>"; };
		B63F534E18EB666F0024CE2D /* KeePassHttpEntryConfig.m */ = {isa = PBXFileReference; fileEncoding = 4; lastKnownFileType = sourcecode.c.objc; path = KeePassHttpEntryConfig.m; sourceTree = "<group>"; };
		B63F534F18EB666F0024CE2D /* Request.h */ = {isa = PBXFileReference; fileEncoding = 4; lastKnownFileType = sourcecode.c.h; path = Request.h; sourceTree = "<group>"; };
		B63F535018EB666F0024CE2D /* Request.m */ = {isa = PBXFileReference; fileEncoding = 4; lastKnownFileType = sourcecode.c.objc; path = Request.m; sourceTree = "<group>"; };
		B63F535118EB666F0024CE2D /* Response.h */ = {isa = PBXFileReference; fileEncoding = 4; lastKnownFileType = sourcecode.c.h; path = Response.h; sourceTree = "<group>"; };
		B63F535218EB666F0024CE2D /* Response.m */ = {isa = PBXFileReference; fileEncoding = 4; lastKnownFileType = sourcecode.c.objc; path = Response.m; sourceTree = "<group>"; };
		B63F535318EB666F0024CE2D /* ResponseEntry.h */ = {isa = PBXFileReference; fileEncoding = 4; lastKnownFileType = sourcecode.c.h; path = ResponseEntry.h; sourceTree = "<group>"; };
		B63F535418EB666F0024CE2D /* ResponseEntry.m */ = {isa = PBXFileReference; fileEncoding = 4; lastKnownFileType = sourcecode.c.objc; path = ResponseEntry.m; sourceTree = "<group>"; };
		B63F535518EB666F0024CE2D /* ResponseStringField.h */ = {isa = PBXFileReference; fileEncoding = 4; lastKnownFileType = sourcecode.c.h; path = ResponseStringField.h; sourceTree = "<group>"; };
		B63F535618EB666F0024CE2D /* ResponseStringField.m */ = {isa = PBXFileReference; fileEncoding = 4; lastKnownFileType = sourcecode.c.objc; path = ResponseStringField.m; sourceTree = "<group>"; };
		B63F536118EB66E40024CE2D /* About.txt */ = {isa = PBXFileReference; fileEncoding = 4; lastKnownFileType = text; path = About.txt; sourceTree = "<group>"; };
		B63F536218EB66E40024CE2D /* GCDAsyncSocket.h */ = {isa = PBXFileReference; fileEncoding = 4; lastKnownFileType = sourcecode.c.h; path = GCDAsyncSocket.h; sourceTree = "<group>"; };
		B63F536318EB66E40024CE2D /* GCDAsyncSocket.m */ = {isa = PBXFileReference; fileEncoding = 4; lastKnownFileType = sourcecode.c.objc; path = GCDAsyncSocket.m; sourceTree = "<group>"; };
		B63F536518EB66E40024CE2D /* About.txt */ = {isa = PBXFileReference; fileEncoding = 4; lastKnownFileType = text; path = About.txt; sourceTree = "<group>"; };
		B63F536618EB66E40024CE2D /* DDAbstractDatabaseLogger.h */ = {isa = PBXFileReference; fileEncoding = 4; lastKnownFileType = sourcecode.c.h; path = DDAbstractDatabaseLogger.h; sourceTree = "<group>"; };
		B63F536718EB66E40024CE2D /* DDAbstractDatabaseLogger.m */ = {isa = PBXFileReference; fileEncoding = 4; lastKnownFileType = sourcecode.c.objc; path = DDAbstractDatabaseLogger.m; sourceTree = "<group>"; };
		B63F536818EB66E40024CE2D /* DDASLLogger.h */ = {isa = PBXFileReference; fileEncoding = 4; lastKnownFileType = sourcecode.c.h; path = DDASLLogger.h; sourceTree = "<group>"; };
		B63F536918EB66E40024CE2D /* DDASLLogger.m */ = {isa = PBXFileReference; fileEncoding = 4; lastKnownFileType = sourcecode.c.objc; path = DDASLLogger.m; sourceTree = "<group>"; };
		B63F536A18EB66E40024CE2D /* DDFileLogger.h */ = {isa = PBXFileReference; fileEncoding = 4; lastKnownFileType = sourcecode.c.h; path = DDFileLogger.h; sourceTree = "<group>"; };
		B63F536B18EB66E40024CE2D /* DDFileLogger.m */ = {isa = PBXFileReference; fileEncoding = 4; lastKnownFileType = sourcecode.c.objc; path = DDFileLogger.m; sourceTree = "<group>"; };
		B63F536C18EB66E40024CE2D /* DDLog.h */ = {isa = PBXFileReference; fileEncoding = 4; lastKnownFileType = sourcecode.c.h; path = DDLog.h; sourceTree = "<group>"; };
		B63F536D18EB66E40024CE2D /* DDLog.m */ = {isa = PBXFileReference; fileEncoding = 4; lastKnownFileType = sourcecode.c.objc; path = DDLog.m; sourceTree = "<group>"; };
		B63F536E18EB66E40024CE2D /* DDTTYLogger.h */ = {isa = PBXFileReference; fileEncoding = 4; lastKnownFileType = sourcecode.c.h; path = DDTTYLogger.h; sourceTree = "<group>"; };
		B63F536F18EB66E40024CE2D /* DDTTYLogger.m */ = {isa = PBXFileReference; fileEncoding = 4; lastKnownFileType = sourcecode.c.objc; path = DDTTYLogger.m; sourceTree = "<group>"; };
		B63F537118EB66E40024CE2D /* ContextFilterLogFormatter.h */ = {isa = PBXFileReference; fileEncoding = 4; lastKnownFileType = sourcecode.c.h; path = ContextFilterLogFormatter.h; sourceTree = "<group>"; };
		B63F537218EB66E40024CE2D /* ContextFilterLogFormatter.m */ = {isa = PBXFileReference; fileEncoding = 4; lastKnownFileType = sourcecode.c.objc; path = ContextFilterLogFormatter.m; sourceTree = "<group>"; };
		B63F537318EB66E40024CE2D /* DispatchQueueLogFormatter.h */ = {isa = PBXFileReference; fileEncoding = 4; lastKnownFileType = sourcecode.c.h; path = DispatchQueueLogFormatter.h; sourceTree = "<group>"; };
		B63F537418EB66E40024CE2D /* DispatchQueueLogFormatter.m */ = {isa = PBXFileReference; fileEncoding = 4; lastKnownFileType = sourcecode.c.objc; path = DispatchQueueLogFormatter.m; sourceTree = "<group>"; };
		B63F537518EB66E40024CE2D /* README.txt */ = {isa = PBXFileReference; fileEncoding = 4; lastKnownFileType = text; path = README.txt; sourceTree = "<group>"; };
		B6FD307F18EC772A00214787 /* AssemblyInfo.h */ = {isa = PBXFileReference; fileEncoding = 4; lastKnownFileType = sourcecode.c.h; path = AssemblyInfo.h; sourceTree = "<group>"; };
		B6FD308018EC772A00214787 /* AssemblyInfo.m */ = {isa = PBXFileReference; fileEncoding = 4; lastKnownFileType = sourcecode.c.objc; path = AssemblyInfo.m; sourceTree = "<group>"; };
/* End PBXFileReference section */

/* Begin PBXFrameworksBuildPhase section */
		B63F528018EB63A80024CE2D /* Frameworks */ = {
			isa = PBXFrameworksBuildPhase;
			buildActionMask = 2147483647;
			files = (
				B63F528718EB63A80024CE2D /* Cocoa.framework in Frameworks */,
			);
			runOnlyForDeploymentPostprocessing = 0;
		};
		B63F52A118EB63A80024CE2D /* Frameworks */ = {
			isa = PBXFrameworksBuildPhase;
			buildActionMask = 2147483647;
			files = (
				B63F52A718EB63A80024CE2D /* Cocoa.framework in Frameworks */,
				B63F52A618EB63A80024CE2D /* XCTest.framework in Frameworks */,
			);
			runOnlyForDeploymentPostprocessing = 0;
		};
/* End PBXFrameworksBuildPhase section */

/* Begin PBXGroup section */
		B63F527A18EB63A80024CE2D = {
			isa = PBXGroup;
			children = (
				B63F528C18EB63A80024CE2D /* keepasshttp-objc */,
				B63F52AA18EB63A80024CE2D /* keepasshttp-objcTests */,
				B63F528518EB63A80024CE2D /* Frameworks */,
				B63F528418EB63A80024CE2D /* Products */,
			);
			sourceTree = "<group>";
		};
		B63F528418EB63A80024CE2D /* Products */ = {
			isa = PBXGroup;
			children = (
				B63F528318EB63A80024CE2D /* keepasshttp-objc.app */,
				B63F52A418EB63A80024CE2D /* keepasshttp-objcTests.xctest */,
			);
			name = Products;
			sourceTree = "<group>";
		};
		B63F528518EB63A80024CE2D /* Frameworks */ = {
			isa = PBXGroup;
			children = (
				B63F528618EB63A80024CE2D /* Cocoa.framework */,
				B63F52A518EB63A80024CE2D /* XCTest.framework */,
				B63F528818EB63A80024CE2D /* Other Frameworks */,
			);
			name = Frameworks;
			sourceTree = "<group>";
		};
		B63F528818EB63A80024CE2D /* Other Frameworks */ = {
			isa = PBXGroup;
			children = (
				B63F528918EB63A80024CE2D /* AppKit.framework */,
				B63F528A18EB63A80024CE2D /* CoreData.framework */,
				B63F528B18EB63A80024CE2D /* Foundation.framework */,
			);
			name = "Other Frameworks";
			sourceTree = "<group>";
		};
		B63F528C18EB63A80024CE2D /* keepasshttp-objc */ = {
			isa = PBXGroup;
			children = (
				B63F52BA18EB64B60024CE2D /* Lib */,
				B63F52E318EB64B60024CE2D /* Source */,
				B63F529818EB63A80024CE2D /* KPHAppDelegate.h */,
				B63F529918EB63A80024CE2D /* KPHAppDelegate.m */,
				B63F529B18EB63A80024CE2D /* MainMenu.xib */,
				B63F529E18EB63A80024CE2D /* Images.xcassets */,
				B63F528D18EB63A80024CE2D /* Supporting Files */,
			);
			path = "keepasshttp-objc";
			sourceTree = "<group>";
		};
		B63F528D18EB63A80024CE2D /* Supporting Files */ = {
			isa = PBXGroup;
			children = (
				B63F528E18EB63A80024CE2D /* keepasshttp-objc-Info.plist */,
				B63F528F18EB63A80024CE2D /* InfoPlist.strings */,
				B63F529218EB63A80024CE2D /* main.m */,
				B63F529418EB63A80024CE2D /* keepasshttp-objc-Prefix.pch */,
				B63F529518EB63A80024CE2D /* Credits.rtf */,
			);
			name = "Supporting Files";
			sourceTree = "<group>";
		};
		B63F52AA18EB63A80024CE2D /* keepasshttp-objcTests */ = {
			isa = PBXGroup;
			children = (
				B63F52B018EB63A80024CE2D /* keepasshttp_objcTests.m */,
				B63F52AB18EB63A80024CE2D /* Supporting Files */,
			);
			path = "keepasshttp-objcTests";
			sourceTree = "<group>";
		};
		B63F52AB18EB63A80024CE2D /* Supporting Files */ = {
			isa = PBXGroup;
			children = (
				B63F52AC18EB63A80024CE2D /* keepasshttp-objcTests-Info.plist */,
				B63F52AD18EB63A80024CE2D /* InfoPlist.strings */,
			);
			name = "Supporting Files";
			sourceTree = "<group>";
		};
		B63F52BA18EB64B60024CE2D /* Lib */ = {
			isa = PBXGroup;
			children = (
				B63F52BB18EB64B60024CE2D /* CocoaHttpServer */,
			);
			path = Lib;
			sourceTree = "<group>";
		};
		B63F52BB18EB64B60024CE2D /* CocoaHttpServer */ = {
			isa = PBXGroup;
			children = (
				B63F535F18EB66E40024CE2D /* Vendor */,
				B63F52BC18EB64B60024CE2D /* Categories */,
				B63F52C318EB64B60024CE2D /* HTTPAuthenticationRequest.h */,
				B63F52C418EB64B60024CE2D /* HTTPAuthenticationRequest.m */,
				B63F52C518EB64B60024CE2D /* HTTPConnection.h */,
				B63F52C618EB64B60024CE2D /* HTTPConnection.m */,
				B63F52C718EB64B60024CE2D /* HTTPLogging.h */,
				B63F52C818EB64B60024CE2D /* HTTPMessage.h */,
				B63F52C918EB64B60024CE2D /* HTTPMessage.m */,
				B63F52CA18EB64B60024CE2D /* HTTPResponse.h */,
				B63F52CB18EB64B60024CE2D /* HTTPServer.h */,
				B63F52CC18EB64B60024CE2D /* HTTPServer.m */,
				B63F52CD18EB64B60024CE2D /* Mime */,
				B63F52D418EB64B60024CE2D /* Responses */,
				B63F52E118EB64B60024CE2D /* WebSocket.h */,
				B63F52E218EB64B60024CE2D /* WebSocket.m */,
			);
			path = CocoaHttpServer;
			sourceTree = "<group>";
		};
		B63F52BC18EB64B60024CE2D /* Categories */ = {
			isa = PBXGroup;
			children = (
				B63F52BD18EB64B60024CE2D /* DDData.h */,
				B63F52BE18EB64B60024CE2D /* DDData.m */,
				B63F52BF18EB64B60024CE2D /* DDNumber.h */,
				B63F52C018EB64B60024CE2D /* DDNumber.m */,
				B63F52C118EB64B60024CE2D /* DDRange.h */,
				B63F52C218EB64B60024CE2D /* DDRange.m */,
			);
			path = Categories;
			sourceTree = "<group>";
		};
		B63F52CD18EB64B60024CE2D /* Mime */ = {
			isa = PBXGroup;
			children = (
				B63F52CE18EB64B60024CE2D /* MultipartFormDataParser.h */,
				B63F52CF18EB64B60024CE2D /* MultipartFormDataParser.m */,
				B63F52D018EB64B60024CE2D /* MultipartMessageHeader.h */,
				B63F52D118EB64B60024CE2D /* MultipartMessageHeader.m */,
				B63F52D218EB64B60024CE2D /* MultipartMessageHeaderField.h */,
				B63F52D318EB64B60024CE2D /* MultipartMessageHeaderField.m */,
			);
			path = Mime;
			sourceTree = "<group>";
		};
		B63F52D418EB64B60024CE2D /* Responses */ = {
			isa = PBXGroup;
			children = (
				B63F52D518EB64B60024CE2D /* HTTPAsyncFileResponse.h */,
				B63F52D618EB64B60024CE2D /* HTTPAsyncFileResponse.m */,
				B63F52D718EB64B60024CE2D /* HTTPDataResponse.h */,
				B63F52D818EB64B60024CE2D /* HTTPDataResponse.m */,
				B63F52D918EB64B60024CE2D /* HTTPDynamicFileResponse.h */,
				B63F52DA18EB64B60024CE2D /* HTTPDynamicFileResponse.m */,
				B63F52DB18EB64B60024CE2D /* HTTPErrorResponse.h */,
				B63F52DC18EB64B60024CE2D /* HTTPErrorResponse.m */,
				B63F52DD18EB64B60024CE2D /* HTTPFileResponse.h */,
				B63F52DE18EB64B60024CE2D /* HTTPFileResponse.m */,
				B63F52DF18EB64B60024CE2D /* HTTPRedirectResponse.h */,
				B63F52E018EB64B60024CE2D /* HTTPRedirectResponse.m */,
			);
			path = Responses;
			sourceTree = "<group>";
		};
		B63F52E318EB64B60024CE2D /* Source */ = {
			isa = PBXGroup;
			children = (
				B63F52E418EB64B60024CE2D /* Core */,
				B63F52FA18EB64B60024CE2D /* Mocks */,
				B63F52FE18EB64B60024CE2D /* Reimplementations */,
			);
			path = Source;
			sourceTree = "<group>";
		};
		B63F52E418EB64B60024CE2D /* Core */ = {
			isa = PBXGroup;
			children = (
				B63F52E518EB64B60024CE2D /* Handlers */,
				B63F52F418EB64B60024CE2D /* KPHHttpConnection.h */,
				B63F52F518EB64B60024CE2D /* KPHHttpConnection.m */,
				B63F52F618EB64B60024CE2D /* KPHKeePassUtil.h */,
				B63F52F718EB64B60024CE2D /* KPHKeePassUtil.m */,
				B63F52F818EB64B60024CE2D /* KPHProtocol.h */,
				B63F52F918EB64B60024CE2D /* KPHProtocol.m */,
			);
			path = Core;
			sourceTree = "<group>";
		};
		B63F52E518EB64B60024CE2D /* Handlers */ = {
			isa = PBXGroup;
			children = (
				B63F52E618EB64B60024CE2D /* KPHAssociationHandler.h */,
				B63F52E718EB64B60024CE2D /* KPHAssociationHandler.m */,
			);
			path = Handlers;
			sourceTree = "<group>";
		};
		B63F52FA18EB64B60024CE2D /* Mocks */ = {
			isa = PBXGroup;
			children = (
				B63F52FB18EB64B60024CE2D /* MacPass */,
			);
			path = Mocks;
			sourceTree = "<group>";
		};
		B63F52FB18EB64B60024CE2D /* MacPass */ = {
			isa = PBXGroup;
			children = (
				B63F52FC18EB64B60024CE2D /* MacPass.h */,
				B63F52FD18EB64B60024CE2D /* MacPass.m */,
			);
			path = MacPass;
			sourceTree = "<group>";
		};
		B63F52FE18EB64B60024CE2D /* Reimplementations */ = {
			isa = PBXGroup;
			children = (
				B63F534518EB666F0024CE2D /* KeePass */,
				B63F534C18EB666F0024CE2D /* KeePassHttp */,
				B63F52FF18EB64B60024CE2D /* DotNet */,
			);
			path = Reimplementations;
			sourceTree = "<group>";
		};
		B63F52FF18EB64B60024CE2D /* DotNet */ = {
			isa = PBXGroup;
			children = (
				B63F530018EB64B60024CE2D /* Aes.h */,
				B63F530118EB64B60024CE2D /* Aes.m */,
				B63F530218EB64B60024CE2D /* SystemConvert.h */,
				B63F530318EB64B60024CE2D /* SystemConvert.m */,
				B6FD307F18EC772A00214787 /* AssemblyInfo.h */,
				B6FD308018EC772A00214787 /* AssemblyInfo.m */,
			);
			path = DotNet;
			sourceTree = "<group>";
		};
		B63F534518EB666F0024CE2D /* KeePass */ = {
			isa = PBXGroup;
			children = (
				B63F534618EB666F0024CE2D /* PwDefs.h */,
				B63F534718EB666F0024CE2D /* PwDefs.m */,
				B63F534818EB666F0024CE2D /* PwEntry.h */,
				B63F534918EB666F0024CE2D /* PwEntry.m */,
				B63F534A18EB666F0024CE2D /* PwUuid.h */,
				B63F534B18EB666F0024CE2D /* PwUuid.m */,
			);
			path = KeePass;
			sourceTree = "<group>";
		};
		B63F534C18EB666F0024CE2D /* KeePassHttp */ = {
			isa = PBXGroup;
			children = (
				B63F534D18EB666F0024CE2D /* KeePassHttpEntryConfig.h */,
				B63F534E18EB666F0024CE2D /* KeePassHttpEntryConfig.m */,
				B63F534F18EB666F0024CE2D /* Request.h */,
				B63F535018EB666F0024CE2D /* Request.m */,
				B63F535118EB666F0024CE2D /* Response.h */,
				B63F535218EB666F0024CE2D /* Response.m */,
				B63F535318EB666F0024CE2D /* ResponseEntry.h */,
				B63F535418EB666F0024CE2D /* ResponseEntry.m */,
				B63F535518EB666F0024CE2D /* ResponseStringField.h */,
				B63F535618EB666F0024CE2D /* ResponseStringField.m */,
			);
			path = KeePassHttp;
			sourceTree = "<group>";
		};
		B63F535F18EB66E40024CE2D /* Vendor */ = {
			isa = PBXGroup;
			children = (
				B63F536018EB66E40024CE2D /* CocoaAsyncSocket */,
				B63F536418EB66E40024CE2D /* CocoaLumberjack */,
			);
			path = Vendor;
			sourceTree = "<group>";
		};
		B63F536018EB66E40024CE2D /* CocoaAsyncSocket */ = {
			isa = PBXGroup;
			children = (
				B63F536118EB66E40024CE2D /* About.txt */,
				B63F536218EB66E40024CE2D /* GCDAsyncSocket.h */,
				B63F536318EB66E40024CE2D /* GCDAsyncSocket.m */,
			);
			path = CocoaAsyncSocket;
			sourceTree = "<group>";
		};
		B63F536418EB66E40024CE2D /* CocoaLumberjack */ = {
			isa = PBXGroup;
			children = (
				B63F536518EB66E40024CE2D /* About.txt */,
				B63F536618EB66E40024CE2D /* DDAbstractDatabaseLogger.h */,
				B63F536718EB66E40024CE2D /* DDAbstractDatabaseLogger.m */,
				B63F536818EB66E40024CE2D /* DDASLLogger.h */,
				B63F536918EB66E40024CE2D /* DDASLLogger.m */,
				B63F536A18EB66E40024CE2D /* DDFileLogger.h */,
				B63F536B18EB66E40024CE2D /* DDFileLogger.m */,
				B63F536C18EB66E40024CE2D /* DDLog.h */,
				B63F536D18EB66E40024CE2D /* DDLog.m */,
				B63F536E18EB66E40024CE2D /* DDTTYLogger.h */,
				B63F536F18EB66E40024CE2D /* DDTTYLogger.m */,
				B63F537018EB66E40024CE2D /* Extensions */,
			);
			path = CocoaLumberjack;
			sourceTree = "<group>";
		};
		B63F537018EB66E40024CE2D /* Extensions */ = {
			isa = PBXGroup;
			children = (
				B63F537118EB66E40024CE2D /* ContextFilterLogFormatter.h */,
				B63F537218EB66E40024CE2D /* ContextFilterLogFormatter.m */,
				B63F537318EB66E40024CE2D /* DispatchQueueLogFormatter.h */,
				B63F537418EB66E40024CE2D /* DispatchQueueLogFormatter.m */,
				B63F537518EB66E40024CE2D /* README.txt */,
			);
			path = Extensions;
			sourceTree = "<group>";
		};
/* End PBXGroup section */

/* Begin PBXNativeTarget section */
		B63F528218EB63A80024CE2D /* keepasshttp-objc */ = {
			isa = PBXNativeTarget;
			buildConfigurationList = B63F52B418EB63A80024CE2D /* Build configuration list for PBXNativeTarget "keepasshttp-objc" */;
			buildPhases = (
				B63F527F18EB63A80024CE2D /* Sources */,
				B63F528018EB63A80024CE2D /* Frameworks */,
				B63F528118EB63A80024CE2D /* Resources */,
			);
			buildRules = (
			);
			dependencies = (
			);
			name = "keepasshttp-objc";
			productName = "keepasshttp-objc";
			productReference = B63F528318EB63A80024CE2D /* keepasshttp-objc.app */;
			productType = "com.apple.product-type.application";
		};
		B63F52A318EB63A80024CE2D /* keepasshttp-objcTests */ = {
			isa = PBXNativeTarget;
			buildConfigurationList = B63F52B718EB63A80024CE2D /* Build configuration list for PBXNativeTarget "keepasshttp-objcTests" */;
			buildPhases = (
				B63F52A018EB63A80024CE2D /* Sources */,
				B63F52A118EB63A80024CE2D /* Frameworks */,
				B63F52A218EB63A80024CE2D /* Resources */,
			);
			buildRules = (
			);
			dependencies = (
				B63F52A918EB63A80024CE2D /* PBXTargetDependency */,
			);
			name = "keepasshttp-objcTests";
			productName = "keepasshttp-objcTests";
			productReference = B63F52A418EB63A80024CE2D /* keepasshttp-objcTests.xctest */;
			productType = "com.apple.product-type.bundle.unit-test";
		};
/* End PBXNativeTarget section */

/* Begin PBXProject section */
		B63F527B18EB63A80024CE2D /* Project object */ = {
			isa = PBXProject;
			attributes = {
				CLASSPREFIX = KPH;
				LastUpgradeCheck = 0510;
				ORGANIZATIONNAME = xbigtk13x;
				TargetAttributes = {
					B63F52A318EB63A80024CE2D = {
						TestTargetID = B63F528218EB63A80024CE2D;
					};
				};
			};
			buildConfigurationList = B63F527E18EB63A80024CE2D /* Build configuration list for PBXProject "keepasshttp-objc" */;
			compatibilityVersion = "Xcode 3.2";
			developmentRegion = English;
			hasScannedForEncodings = 0;
			knownRegions = (
				en,
				Base,
			);
			mainGroup = B63F527A18EB63A80024CE2D;
			productRefGroup = B63F528418EB63A80024CE2D /* Products */;
			projectDirPath = "";
			projectRoot = "";
			targets = (
				B63F528218EB63A80024CE2D /* keepasshttp-objc */,
				B63F52A318EB63A80024CE2D /* keepasshttp-objcTests */,
			);
		};
/* End PBXProject section */

/* Begin PBXResourcesBuildPhase section */
		B63F528118EB63A80024CE2D /* Resources */ = {
			isa = PBXResourcesBuildPhase;
			buildActionMask = 2147483647;
			files = (
				B63F537818EB66E40024CE2D /* About.txt in Resources */,
				B63F529118EB63A80024CE2D /* InfoPlist.strings in Resources */,
				B63F529F18EB63A80024CE2D /* Images.xcassets in Resources */,
				B63F529718EB63A80024CE2D /* Credits.rtf in Resources */,
				B63F529D18EB63A80024CE2D /* MainMenu.xib in Resources */,
				B63F538018EB66E40024CE2D /* README.txt in Resources */,
				B63F537618EB66E40024CE2D /* About.txt in Resources */,
			);
			runOnlyForDeploymentPostprocessing = 0;
		};
		B63F52A218EB63A80024CE2D /* Resources */ = {
			isa = PBXResourcesBuildPhase;
			buildActionMask = 2147483647;
			files = (
				B63F52AF18EB63A80024CE2D /* InfoPlist.strings in Resources */,
			);
			runOnlyForDeploymentPostprocessing = 0;
		};
/* End PBXResourcesBuildPhase section */

/* Begin PBXSourcesBuildPhase section */
		B63F527F18EB63A80024CE2D /* Sources */ = {
			isa = PBXSourcesBuildPhase;
			buildActionMask = 2147483647;
			files = (
				B63F531118EB64B60024CE2D /* HTTPServer.m in Sources */,
				B63F537D18EB66E40024CE2D /* DDTTYLogger.m in Sources */,
				B63F535718EB666F0024CE2D /* PwDefs.m in Sources */,
				B63F530F18EB64B60024CE2D /* HTTPConnection.m in Sources */,
				B63F531718EB64B60024CE2D /* HTTPDynamicFileResponse.m in Sources */,
				B63F530D18EB64B60024CE2D /* DDRange.m in Sources */,
				B63F530B18EB64B60024CE2D /* DDData.m in Sources */,
				B63F532718EB64B60024CE2D /* Aes.m in Sources */,
				B63F531418EB64B60024CE2D /* MultipartMessageHeaderField.m in Sources */,
				B63F537E18EB66E40024CE2D /* ContextFilterLogFormatter.m in Sources */,
				B63F529A18EB63A80024CE2D /* KPHAppDelegate.m in Sources */,
				B63F535D18EB666F0024CE2D /* ResponseEntry.m in Sources */,
				B63F531818EB64B60024CE2D /* HTTPErrorResponse.m in Sources */,
				B6FD308118EC772A00214787 /* AssemblyInfo.m in Sources */,
				B63F537A18EB66E40024CE2D /* DDASLLogger.m in Sources */,
				B63F531A18EB64B60024CE2D /* HTTPRedirectResponse.m in Sources */,
				B63F535A18EB666F0024CE2D /* KeePassHttpEntryConfig.m in Sources */,
				B63F530E18EB64B60024CE2D /* HTTPAuthenticationRequest.m in Sources */,
				B63F537918EB66E40024CE2D /* DDAbstractDatabaseLogger.m in Sources */,
				B63F532818EB64B60024CE2D /* SystemConvert.m in Sources */,
				B63F535818EB666F0024CE2D /* PwEntry.m in Sources */,
				B63F531018EB64B60024CE2D /* HTTPMessage.m in Sources */,
				B63F531B18EB64B60024CE2D /* WebSocket.m in Sources */,
				B63F530C18EB64B60024CE2D /* DDNumber.m in Sources */,
				B63F529318EB63A80024CE2D /* main.m in Sources */,
				B63F531318EB64B60024CE2D /* MultipartMessageHeader.m in Sources */,
				B63F537F18EB66E40024CE2D /* DispatchQueueLogFormatter.m in Sources */,
				B63F537B18EB66E40024CE2D /* DDFileLogger.m in Sources */,
				B63F535C18EB666F0024CE2D /* Response.m in Sources */,
				B63F531C18EB64B60024CE2D /* KPHAssociationHandler.m in Sources */,
				B63F535B18EB666F0024CE2D /* Request.m in Sources */,
				B63F532518EB64B60024CE2D /* KPHProtocol.m in Sources */,
				B63F531918EB64B60024CE2D /* HTTPFileResponse.m in Sources */,
				B63F537718EB66E40024CE2D /* GCDAsyncSocket.m in Sources */,
				B63F532418EB64B60024CE2D /* KPHKeePassUtil.m in Sources */,
				B63F531218EB64B60024CE2D /* MultipartFormDataParser.m in Sources */,
				B63F535E18EB666F0024CE2D /* ResponseStringField.m in Sources */,
				B63F537C18EB66E40024CE2D /* DDLog.m in Sources */,
				B63F531618EB64B60024CE2D /* HTTPDataResponse.m in Sources */,
				B63F535918EB666F0024CE2D /* PwUuid.m in Sources */,
				B63F531518EB64B60024CE2D /* HTTPAsyncFileResponse.m in Sources */,
				B63F532618EB64B60024CE2D /* MacPass.m in Sources */,
				B63F532318EB64B60024CE2D /* KPHHttpConnection.m in Sources */,
			);
			runOnlyForDeploymentPostprocessing = 0;
		};
		B63F52A018EB63A80024CE2D /* Sources */ = {
			isa = PBXSourcesBuildPhase;
			buildActionMask = 2147483647;
			files = (
				B63F52B118EB63A80024CE2D /* keepasshttp_objcTests.m in Sources */,
			);
			runOnlyForDeploymentPostprocessing = 0;
		};
/* End PBXSourcesBuildPhase section */

/* Begin PBXTargetDependency section */
		B63F52A918EB63A80024CE2D /* PBXTargetDependency */ = {
			isa = PBXTargetDependency;
			target = B63F528218EB63A80024CE2D /* keepasshttp-objc */;
			targetProxy = B63F52A818EB63A80024CE2D /* PBXContainerItemProxy */;
		};
/* End PBXTargetDependency section */

/* Begin PBXVariantGroup section */
		B63F528F18EB63A80024CE2D /* InfoPlist.strings */ = {
			isa = PBXVariantGroup;
			children = (
				B63F529018EB63A80024CE2D /* en */,
			);
			name = InfoPlist.strings;
			sourceTree = "<group>";
		};
		B63F529518EB63A80024CE2D /* Credits.rtf */ = {
			isa = PBXVariantGroup;
			children = (
				B63F529618EB63A80024CE2D /* en */,
			);
			name = Credits.rtf;
			sourceTree = "<group>";
		};
		B63F529B18EB63A80024CE2D /* MainMenu.xib */ = {
			isa = PBXVariantGroup;
			children = (
				B63F529C18EB63A80024CE2D /* Base */,
			);
			name = MainMenu.xib;
			sourceTree = "<group>";
		};
		B63F52AD18EB63A80024CE2D /* InfoPlist.strings */ = {
			isa = PBXVariantGroup;
			children = (
				B63F52AE18EB63A80024CE2D /* en */,
			);
			name = InfoPlist.strings;
			sourceTree = "<group>";
		};
/* End PBXVariantGroup section */

/* Begin XCBuildConfiguration section */
		B63F52B218EB63A80024CE2D /* Debug */ = {
			isa = XCBuildConfiguration;
			buildSettings = {
				ALWAYS_SEARCH_USER_PATHS = NO;
				CLANG_CXX_LANGUAGE_STANDARD = "gnu++0x";
				CLANG_CXX_LIBRARY = "libc++";
				CLANG_ENABLE_MODULES = YES;
				CLANG_ENABLE_OBJC_ARC = YES;
				CLANG_WARN_BOOL_CONVERSION = YES;
				CLANG_WARN_CONSTANT_CONVERSION = YES;
				CLANG_WARN_DIRECT_OBJC_ISA_USAGE = YES_ERROR;
				CLANG_WARN_EMPTY_BODY = YES;
				CLANG_WARN_ENUM_CONVERSION = YES;
				CLANG_WARN_INT_CONVERSION = YES;
				CLANG_WARN_OBJC_ROOT_CLASS = YES_ERROR;
				CLANG_WARN__DUPLICATE_METHOD_MATCH = YES;
				COPY_PHASE_STRIP = NO;
				GCC_C_LANGUAGE_STANDARD = gnu99;
				GCC_DYNAMIC_NO_PIC = NO;
				GCC_ENABLE_OBJC_EXCEPTIONS = YES;
				GCC_OPTIMIZATION_LEVEL = 0;
				GCC_PREPROCESSOR_DEFINITIONS = (
					"DEBUG=1",
					"$(inherited)",
				);
				GCC_SYMBOLS_PRIVATE_EXTERN = NO;
				GCC_WARN_64_TO_32_BIT_CONVERSION = YES;
				GCC_WARN_ABOUT_RETURN_TYPE = YES_ERROR;
				GCC_WARN_UNDECLARED_SELECTOR = YES;
				GCC_WARN_UNINITIALIZED_AUTOS = YES_AGGRESSIVE;
				GCC_WARN_UNUSED_FUNCTION = YES;
				GCC_WARN_UNUSED_VARIABLE = YES;
				MACOSX_DEPLOYMENT_TARGET = 10.9;
				ONLY_ACTIVE_ARCH = YES;
				SDKROOT = macosx;
			};
			name = Debug;
		};
		B63F52B318EB63A80024CE2D /* Release */ = {
			isa = XCBuildConfiguration;
			buildSettings = {
				ALWAYS_SEARCH_USER_PATHS = NO;
				CLANG_CXX_LANGUAGE_STANDARD = "gnu++0x";
				CLANG_CXX_LIBRARY = "libc++";
				CLANG_ENABLE_MODULES = YES;
				CLANG_ENABLE_OBJC_ARC = YES;
				CLANG_WARN_BOOL_CONVERSION = YES;
				CLANG_WARN_CONSTANT_CONVERSION = YES;
				CLANG_WARN_DIRECT_OBJC_ISA_USAGE = YES_ERROR;
				CLANG_WARN_EMPTY_BODY = YES;
				CLANG_WARN_ENUM_CONVERSION = YES;
				CLANG_WARN_INT_CONVERSION = YES;
				CLANG_WARN_OBJC_ROOT_CLASS = YES_ERROR;
				CLANG_WARN__DUPLICATE_METHOD_MATCH = YES;
				COPY_PHASE_STRIP = YES;
				DEBUG_INFORMATION_FORMAT = "dwarf-with-dsym";
				ENABLE_NS_ASSERTIONS = NO;
				GCC_C_LANGUAGE_STANDARD = gnu99;
				GCC_ENABLE_OBJC_EXCEPTIONS = YES;
				GCC_WARN_64_TO_32_BIT_CONVERSION = YES;
				GCC_WARN_ABOUT_RETURN_TYPE = YES_ERROR;
				GCC_WARN_UNDECLARED_SELECTOR = YES;
				GCC_WARN_UNINITIALIZED_AUTOS = YES_AGGRESSIVE;
				GCC_WARN_UNUSED_FUNCTION = YES;
				GCC_WARN_UNUSED_VARIABLE = YES;
				MACOSX_DEPLOYMENT_TARGET = 10.9;
				SDKROOT = macosx;
			};
			name = Release;
		};
		B63F52B518EB63A80024CE2D /* Debug */ = {
			isa = XCBuildConfiguration;
			buildSettings = {
				ASSETCATALOG_COMPILER_APPICON_NAME = AppIcon;
				COMBINE_HIDPI_IMAGES = YES;
				GCC_PRECOMPILE_PREFIX_HEADER = YES;
				GCC_PREFIX_HEADER = "keepasshttp-objc/keepasshttp-objc-Prefix.pch";
				INFOPLIST_FILE = "keepasshttp-objc/keepasshttp-objc-Info.plist";
				PRODUCT_NAME = "$(TARGET_NAME)";
				WRAPPER_EXTENSION = app;
			};
			name = Debug;
		};
		B63F52B618EB63A80024CE2D /* Release */ = {
			isa = XCBuildConfiguration;
			buildSettings = {
				ASSETCATALOG_COMPILER_APPICON_NAME = AppIcon;
				COMBINE_HIDPI_IMAGES = YES;
				GCC_PRECOMPILE_PREFIX_HEADER = YES;
				GCC_PREFIX_HEADER = "keepasshttp-objc/keepasshttp-objc-Prefix.pch";
				INFOPLIST_FILE = "keepasshttp-objc/keepasshttp-objc-Info.plist";
				PRODUCT_NAME = "$(TARGET_NAME)";
				WRAPPER_EXTENSION = app;
			};
			name = Release;
		};
		B63F52B818EB63A80024CE2D /* Debug */ = {
			isa = XCBuildConfiguration;
			buildSettings = {
				BUNDLE_LOADER = "$(BUILT_PRODUCTS_DIR)/keepasshttp-objc.app/Contents/MacOS/keepasshttp-objc";
				COMBINE_HIDPI_IMAGES = YES;
				FRAMEWORK_SEARCH_PATHS = (
					"$(DEVELOPER_FRAMEWORKS_DIR)",
					"$(inherited)",
				);
				GCC_PRECOMPILE_PREFIX_HEADER = YES;
				GCC_PREFIX_HEADER = "keepasshttp-objc/keepasshttp-objc-Prefix.pch";
				GCC_PREPROCESSOR_DEFINITIONS = (
					"DEBUG=1",
					"$(inherited)",
				);
				INFOPLIST_FILE = "keepasshttp-objcTests/keepasshttp-objcTests-Info.plist";
				PRODUCT_NAME = "$(TARGET_NAME)";
				TEST_HOST = "$(BUNDLE_LOADER)";
				WRAPPER_EXTENSION = xctest;
			};
			name = Debug;
		};
		B63F52B918EB63A80024CE2D /* Release */ = {
			isa = XCBuildConfiguration;
			buildSettings = {
				BUNDLE_LOADER = "$(BUILT_PRODUCTS_DIR)/keepasshttp-objc.app/Contents/MacOS/keepasshttp-objc";
				COMBINE_HIDPI_IMAGES = YES;
				FRAMEWORK_SEARCH_PATHS = (
					"$(DEVELOPER_FRAMEWORKS_DIR)",
					"$(inherited)",
				);
				GCC_PRECOMPILE_PREFIX_HEADER = YES;
				GCC_PREFIX_HEADER = "keepasshttp-objc/keepasshttp-objc-Prefix.pch";
				INFOPLIST_FILE = "keepasshttp-objcTests/keepasshttp-objcTests-Info.plist";
				PRODUCT_NAME = "$(TARGET_NAME)";
				TEST_HOST = "$(BUNDLE_LOADER)";
				WRAPPER_EXTENSION = xctest;
			};
			name = Release;
		};
/* End XCBuildConfiguration section */

/* Begin XCConfigurationList section */
		B63F527E18EB63A80024CE2D /* Build configuration list for PBXProject "keepasshttp-objc" */ = {
			isa = XCConfigurationList;
			buildConfigurations = (
				B63F52B218EB63A80024CE2D /* Debug */,
				B63F52B318EB63A80024CE2D /* Release */,
			);
			defaultConfigurationIsVisible = 0;
			defaultConfigurationName = Release;
		};
		B63F52B418EB63A80024CE2D /* Build configuration list for PBXNativeTarget "keepasshttp-objc" */ = {
			isa = XCConfigurationList;
			buildConfigurations = (
				B63F52B518EB63A80024CE2D /* Debug */,
				B63F52B618EB63A80024CE2D /* Release */,
			);
			defaultConfigurationIsVisible = 0;
			defaultConfigurationName = Release;
		};
		B63F52B718EB63A80024CE2D /* Build configuration list for PBXNativeTarget "keepasshttp-objcTests" */ = {
			isa = XCConfigurationList;
			buildConfigurations = (
				B63F52B818EB63A80024CE2D /* Debug */,
				B63F52B918EB63A80024CE2D /* Release */,
			);
			defaultConfigurationIsVisible = 0;
			defaultConfigurationName = Release;
		};
/* End XCConfigurationList section */
	};
	rootObject = B63F527B18EB63A80024CE2D /* Project object */;
}
